// !$*UTF8*$!
{
	archiveVersion = 1;
	classes = {
	};
	objectVersion = 46;
	objects = {

/* Begin PBXBuildFile section */
		000DE6D61416BA0F006B478D /* 1.jpg in Resources */ = {isa = PBXBuildFile; fileRef = 000DE6D51416BA0F006B478D /* 1.jpg */; };
		0013FA2514111D0E004DC957 /* UIKit.framework in Frameworks */ = {isa = PBXBuildFile; fileRef = 0013FA2414111D0E004DC957 /* UIKit.framework */; };
		0013FA2714111D0E004DC957 /* Foundation.framework in Frameworks */ = {isa = PBXBuildFile; fileRef = 0013FA2614111D0E004DC957 /* Foundation.framework */; };
		0013FA2914111D0E004DC957 /* CoreGraphics.framework in Frameworks */ = {isa = PBXBuildFile; fileRef = 0013FA2814111D0E004DC957 /* CoreGraphics.framework */; };
		0013FA2F14111D0F004DC957 /* InfoPlist.strings in Resources */ = {isa = PBXBuildFile; fileRef = 0013FA2D14111D0F004DC957 /* InfoPlist.strings */; };
		0013FA3114111D0F004DC957 /* main.m in Sources */ = {isa = PBXBuildFile; fileRef = 0013FA3014111D0F004DC957 /* main.m */; };
		0013FA3514111D0F004DC957 /* OpenCVClientAppDelegate.mm in Sources */ = {isa = PBXBuildFile; fileRef = 0013FA3414111D0F004DC957 /* OpenCVClientAppDelegate.mm */; };
		0013FA3814111D0F004DC957 /* MainWindow.xib in Resources */ = {isa = PBXBuildFile; fileRef = 0013FA3614111D0F004DC957 /* MainWindow.xib */; };
		0013FA3B14111D0F004DC957 /* OpenCVClientViewController.mm in Sources */ = {isa = PBXBuildFile; fileRef = 0013FA3A14111D0F004DC957 /* OpenCVClientViewController.mm */; };
		0013FA3E14111D0F004DC957 /* OpenCVClientViewController.xib in Resources */ = {isa = PBXBuildFile; fileRef = 0013FA3C14111D0F004DC957 /* OpenCVClientViewController.xib */; };
		0013FA4814111D6A004DC957 /* UIImage+OpenCV.mm in Sources */ = {isa = PBXBuildFile; fileRef = 0013FA4714111D6A004DC957 /* UIImage+OpenCV.mm */; };
		005C83F41411413800B1ADDB /* libz.dylib in Frameworks */ = {isa = PBXBuildFile; fileRef = 005C83F31411413700B1ADDB /* libz.dylib */; };
		005C83F61411414700B1ADDB /* ImageIO.framework in Frameworks */ = {isa = PBXBuildFile; fileRef = 005C83F51411414700B1ADDB /* ImageIO.framework */; };
		005C8458141697CC00B1ADDB /* AVFoundation.framework in Frameworks */ = {isa = PBXBuildFile; fileRef = 005C8457141697CC00B1ADDB /* AVFoundation.framework */; };
		005C845A141697EF00B1ADDB /* CoreVideo.framework in Frameworks */ = {isa = PBXBuildFile; fileRef = 005C8459141697EF00B1ADDB /* CoreVideo.framework */; };
		005C845C1416980700B1ADDB /* CoreMedia.framework in Frameworks */ = {isa = PBXBuildFile; fileRef = 005C845B1416980700B1ADDB /* CoreMedia.framework */; };
		005C85B71416B09D00B1ADDB /* OpenCV.framework in Frameworks */ = {isa = PBXBuildFile; fileRef = 005C85B61416B09D00B1ADDB /* OpenCV.framework */; };
		840B7F4314EE9F0B00BA1E2B /* BoardExtractor.mm in Sources */ = {isa = PBXBuildFile; fileRef = 840B7F4214EE9F0B00BA1E2B /* BoardExtractor.mm */; };
		840B7F4614F028C400BA1E2B /* PuzzleViewController.m in Sources */ = {isa = PBXBuildFile; fileRef = 840B7F4514F028C400BA1E2B /* PuzzleViewController.m */; };
		840B7F4E14F2B0EB00BA1E2B /* DataAppDataObject.m in Sources */ = {isa = PBXBuildFile; fileRef = 840B7F4D14F2B0EB00BA1E2B /* DataAppDataObject.m */; };
		840B7F5114F2B16000BA1E2B /* AppDataObject.m in Sources */ = {isa = PBXBuildFile; fileRef = 840B7F5014F2B16000BA1E2B /* AppDataObject.m */; };
		8411F1BF14446BA100825C74 /* testNo12.png in Resources */ = {isa = PBXBuildFile; fileRef = 8411F1BE14446BA100825C74 /* testNo12.png */; };
		8411F1C2144470AE00825C74 /* testNo13.png in Resources */ = {isa = PBXBuildFile; fileRef = 8411F1C1144470AE00825C74 /* testNo13.png */; };
		8423EFE814EDB88300B389BE /* PreviewViewController.mm in Sources */ = {isa = PBXBuildFile; fileRef = 8423EFE714EDB88200B389BE /* PreviewViewController.mm */; };
		843126A014A3C6D300104BD2 /* cvaux.cpp in Sources */ = {isa = PBXBuildFile; fileRef = 8431269914A3C6D300104BD2 /* cvaux.cpp */; };
		843126A114A3C6D300104BD2 /* cvblob.cpp in Sources */ = {isa = PBXBuildFile; fileRef = 8431269A14A3C6D300104BD2 /* cvblob.cpp */; };
		843126A214A3C6D300104BD2 /* cvcolor.cpp in Sources */ = {isa = PBXBuildFile; fileRef = 8431269C14A3C6D300104BD2 /* cvcolor.cpp */; };
		843126A314A3C6D300104BD2 /* cvcontour.cpp in Sources */ = {isa = PBXBuildFile; fileRef = 8431269D14A3C6D300104BD2 /* cvcontour.cpp */; };
		843126A414A3C6D300104BD2 /* cvlabel.cpp in Sources */ = {isa = PBXBuildFile; fileRef = 8431269E14A3C6D300104BD2 /* cvlabel.cpp */; };
		843126A514A3C6D300104BD2 /* cvtrack.cpp in Sources */ = {isa = PBXBuildFile; fileRef = 8431269F14A3C6D300104BD2 /* cvtrack.cpp */; };
		843126D814A51A2A00104BD2 /* liblept.a in Frameworks */ = {isa = PBXBuildFile; fileRef = 843126D614A51A2A00104BD2 /* liblept.a */; };
		843126D914A51A2A00104BD2 /* libtesseract_all.a in Frameworks */ = {isa = PBXBuildFile; fileRef = 843126D714A51A2A00104BD2 /* libtesseract_all.a */; };
		843126E614A52A7B00104BD2 /* tessdata in Resources */ = {isa = PBXBuildFile; fileRef = 843126E514A52A7A00104BD2 /* tessdata */; };
		843126E814A68ABB00104BD2 /* NEWKAKURO.png in Resources */ = {isa = PBXBuildFile; fileRef = 843126E714A68ABA00104BD2 /* NEWKAKURO.png */; };
		843126EA14A68BA100104BD2 /* newKAKAKA.png in Resources */ = {isa = PBXBuildFile; fileRef = 843126E914A68BA000104BD2 /* newKAKAKA.png */; };
		843126EC14A69AC000104BD2 /* XIXKSK.png in Resources */ = {isa = PBXBuildFile; fileRef = 843126EB14A69ABE00104BD2 /* XIXKSK.png */; };
		843126EE14A69C1000104BD2 /* Kakurojjj.jpg in Resources */ = {isa = PBXBuildFile; fileRef = 843126ED14A69C1000104BD2 /* Kakurojjj.jpg */; };
		8434A2F614ED553200D1A836 /* MainStoryboard.storyboard in Resources */ = {isa = PBXBuildFile; fileRef = 8434A2F514ED553100D1A836 /* MainStoryboard.storyboard */; };
		844212191455795600C13FC1 /* digitrecognizer.cpp in Sources */ = {isa = PBXBuildFile; fileRef = 844212171455795500C13FC1 /* digitrecognizer.cpp */; };
		8447495614D726CD00140BF7 /* Hitorixx.JPG in Resources */ = {isa = PBXBuildFile; fileRef = 8447495514D726CD00140BF7 /* Hitorixx.JPG */; };
		8447495914D733A700140BF7 /* Hitori4.JPG in Resources */ = {isa = PBXBuildFile; fileRef = 8447495814D733A700140BF7 /* Hitori4.JPG */; };
		8447495B14D734ED00140BF7 /* hitori6.png in Resources */ = {isa = PBXBuildFile; fileRef = 8447495A14D734EC00140BF7 /* hitori6.png */; };
		84478A7E14ED59070065E665 /* MainViewDelegate.m in Sources */ = {isa = PBXBuildFile; fileRef = 84478A7D14ED59070065E665 /* MainViewDelegate.m */; };
		847B48691493E6C2004FA64A /* 2.png in Resources */ = {isa = PBXBuildFile; fileRef = 847B48681493E6C2004FA64A /* 2.png */; };
		847B486C1493E97D004FA64A /* 222.png in Resources */ = {isa = PBXBuildFile; fileRef = 847B486B1493E97D004FA64A /* 222.png */; };
		8497FBEC14426AE20012373F /* test2.png in Resources */ = {isa = PBXBuildFile; fileRef = 8497FBEB14426AE20012373F /* test2.png */; };
		8497FBEF1442709B0012373F /* kakuroxx.png in Resources */ = {isa = PBXBuildFile; fileRef = 8497FBEE1442709B0012373F /* kakuroxx.png */; };
		8497FBF1144271300012373F /* KillerSudoku1790603.jpg in Resources */ = {isa = PBXBuildFile; fileRef = 8497FBF0144271300012373F /* KillerSudoku1790603.jpg */; };
		8497FBF914436BA90012373F /* sample-puzzle.jpg in Resources */ = {isa = PBXBuildFile; fileRef = 8497FBF814436BA80012373F /* sample-puzzle.jpg */; };
		8497FBFB144370E10012373F /* kakur2.png in Resources */ = {isa = PBXBuildFile; fileRef = 8497FBFA144370E10012373F /* kakur2.png */; };
		849969C01441125D004C6798 /* 2.jpg in Resources */ = {isa = PBXBuildFile; fileRef = 849969BF1441125D004C6798 /* 2.jpg */; };
		84B521E31498061D00124881 /* empty.png in Resources */ = {isa = PBXBuildFile; fileRef = 84B521E21498061D00124881 /* empty.png */; };
		84D1F57114422F5400E3B1C0 /* test1.jpg in Resources */ = {isa = PBXBuildFile; fileRef = 84D1F56D14422F5400E3B1C0 /* test1.jpg */; };
		84D1F57214422F5400E3B1C0 /* IMG_0629.jpg in Resources */ = {isa = PBXBuildFile; fileRef = 84D1F56E14422F5400E3B1C0 /* IMG_0629.jpg */; };
		84D1F57314422F5400E3B1C0 /* IMG_0630.jpg in Resources */ = {isa = PBXBuildFile; fileRef = 84D1F56F14422F5400E3B1C0 /* IMG_0630.jpg */; };
		84D1F576144238D300E3B1C0 /* kakuro.jpg in Resources */ = {isa = PBXBuildFile; fileRef = 84D1F575144238D300E3B1C0 /* kakuro.jpg */; };
		84E61E9D14B47E2E00DEC675 /* Kekuro.jpg in Resources */ = {isa = PBXBuildFile; fileRef = 84E61E9C14B47E2E00DEC675 /* Kekuro.jpg */; };
		84E61E9F14B4859700DEC675 /* KEKEK221.jpg in Resources */ = {isa = PBXBuildFile; fileRef = 84E61E9E14B4859700DEC675 /* KEKEK221.jpg */; };
		84E61EA114B486DA00DEC675 /* KEKEK221yy.jpg in Resources */ = {isa = PBXBuildFile; fileRef = 84E61EA014B486DA00DEC675 /* KEKEK221yy.jpg */; };
		84E61EA514B488A900DEC675 /* kakuro.png in Resources */ = {isa = PBXBuildFile; fileRef = 84E61EA414B488A900DEC675 /* kakuro.png */; };
/* End PBXBuildFile section */

/* Begin PBXFileReference section */
		000DE6D51416BA0F006B478D /* 1.jpg */ = {isa = PBXFileReference; lastKnownFileType = image.jpeg; name = 1.jpg; path = OpenCVClient/1.jpg; sourceTree = "<group>"; };
		0013FA2014111D0E004DC957 /* HitioriGrab.app */ = {isa = PBXFileReference; explicitFileType = wrapper.application; includeInIndex = 0; path = HitioriGrab.app; sourceTree = BUILT_PRODUCTS_DIR; };
		0013FA2414111D0E004DC957 /* UIKit.framework */ = {isa = PBXFileReference; lastKnownFileType = wrapper.framework; name = UIKit.framework; path = System/Library/Frameworks/UIKit.framework; sourceTree = SDKROOT; };
		0013FA2614111D0E004DC957 /* Foundation.framework */ = {isa = PBXFileReference; lastKnownFileType = wrapper.framework; name = Foundation.framework; path = System/Library/Frameworks/Foundation.framework; sourceTree = SDKROOT; };
		0013FA2814111D0E004DC957 /* CoreGraphics.framework */ = {isa = PBXFileReference; lastKnownFileType = wrapper.framework; name = CoreGraphics.framework; path = System/Library/Frameworks/CoreGraphics.framework; sourceTree = SDKROOT; };
		0013FA2C14111D0F004DC957 /* HitioriGrab-Info.plist */ = {isa = PBXFileReference; lastKnownFileType = text.plist.xml; path = "HitioriGrab-Info.plist"; sourceTree = "<group>"; };
		0013FA2E14111D0F004DC957 /* en */ = {isa = PBXFileReference; lastKnownFileType = text.plist.strings; name = en; path = en.lproj/InfoPlist.strings; sourceTree = "<group>"; };
		0013FA3014111D0F004DC957 /* main.m */ = {isa = PBXFileReference; lastKnownFileType = sourcecode.c.objc; path = main.m; sourceTree = "<group>"; };
		0013FA3214111D0F004DC957 /* HitioriGrab-Prefix.pch */ = {isa = PBXFileReference; lastKnownFileType = sourcecode.c.h; path = "HitioriGrab-Prefix.pch"; sourceTree = "<group>"; };
		0013FA3314111D0F004DC957 /* OpenCVClientAppDelegate.h */ = {isa = PBXFileReference; lastKnownFileType = sourcecode.c.h; path = OpenCVClientAppDelegate.h; sourceTree = "<group>"; };
		0013FA3414111D0F004DC957 /* OpenCVClientAppDelegate.mm */ = {isa = PBXFileReference; lastKnownFileType = sourcecode.cpp.objcpp; path = OpenCVClientAppDelegate.mm; sourceTree = "<group>"; };
		0013FA3714111D0F004DC957 /* en */ = {isa = PBXFileReference; lastKnownFileType = file.xib; name = en; path = en.lproj/MainWindow.xib; sourceTree = "<group>"; };
		0013FA3914111D0F004DC957 /* OpenCVClientViewController.h */ = {isa = PBXFileReference; lastKnownFileType = sourcecode.c.h; path = OpenCVClientViewController.h; sourceTree = "<group>"; };
		0013FA3A14111D0F004DC957 /* OpenCVClientViewController.mm */ = {isa = PBXFileReference; lastKnownFileType = sourcecode.cpp.objcpp; path = OpenCVClientViewController.mm; sourceTree = "<group>"; };
		0013FA3D14111D0F004DC957 /* en */ = {isa = PBXFileReference; lastKnownFileType = file.xib; name = en; path = en.lproj/OpenCVClientViewController.xib; sourceTree = "<group>"; };
		0013FA4614111D6A004DC957 /* UIImage+OpenCV.h */ = {isa = PBXFileReference; fileEncoding = 4; lastKnownFileType = sourcecode.c.h; path = "UIImage+OpenCV.h"; sourceTree = "<group>"; };
		0013FA4714111D6A004DC957 /* UIImage+OpenCV.mm */ = {isa = PBXFileReference; fileEncoding = 4; lastKnownFileType = sourcecode.cpp.objcpp; path = "UIImage+OpenCV.mm"; sourceTree = "<group>"; };
		005C83F31411413700B1ADDB /* libz.dylib */ = {isa = PBXFileReference; lastKnownFileType = "compiled.mach-o.dylib"; name = libz.dylib; path = usr/lib/libz.dylib; sourceTree = SDKROOT; };
		005C83F51411414700B1ADDB /* ImageIO.framework */ = {isa = PBXFileReference; lastKnownFileType = wrapper.framework; name = ImageIO.framework; path = System/Library/Frameworks/ImageIO.framework; sourceTree = SDKROOT; };
		005C8457141697CC00B1ADDB /* AVFoundation.framework */ = {isa = PBXFileReference; lastKnownFileType = wrapper.framework; name = AVFoundation.framework; path = System/Library/Frameworks/AVFoundation.framework; sourceTree = SDKROOT; };
		005C8459141697EF00B1ADDB /* CoreVideo.framework */ = {isa = PBXFileReference; lastKnownFileType = wrapper.framework; name = CoreVideo.framework; path = System/Library/Frameworks/CoreVideo.framework; sourceTree = SDKROOT; };
		005C845B1416980700B1ADDB /* CoreMedia.framework */ = {isa = PBXFileReference; lastKnownFileType = wrapper.framework; name = CoreMedia.framework; path = System/Library/Frameworks/CoreMedia.framework; sourceTree = SDKROOT; };
		005C85B61416B09D00B1ADDB /* OpenCV.framework */ = {isa = PBXFileReference; lastKnownFileType = wrapper.framework; path = OpenCV.framework; sourceTree = "<group>"; };
		00FDD98E1435E549008F8ECE /* README.markdown */ = {isa = PBXFileReference; fileEncoding = 4; lastKnownFileType = text; path = README.markdown; sourceTree = "<group>"; };
		840B7F4114EE9F0B00BA1E2B /* BoardExtractor.h */ = {isa = PBXFileReference; fileEncoding = 4; lastKnownFileType = sourcecode.c.h; path = BoardExtractor.h; sourceTree = "<group>"; };
		840B7F4214EE9F0B00BA1E2B /* BoardExtractor.mm */ = {isa = PBXFileReference; fileEncoding = 4; lastKnownFileType = sourcecode.cpp.objcpp; path = BoardExtractor.mm; sourceTree = "<group>"; };
		840B7F4414F028C400BA1E2B /* PuzzleViewController.h */ = {isa = PBXFileReference; fileEncoding = 4; lastKnownFileType = sourcecode.c.h; path = PuzzleViewController.h; sourceTree = "<group>"; };
		840B7F4514F028C400BA1E2B /* PuzzleViewController.m */ = {isa = PBXFileReference; fileEncoding = 4; lastKnownFileType = sourcecode.c.objc; path = PuzzleViewController.m; sourceTree = "<group>"; };
		840B7F4B14F2AE9E00BA1E2B /* AppDelegateProtocol.h */ = {isa = PBXFileReference; fileEncoding = 4; lastKnownFileType = sourcecode.c.h; path = AppDelegateProtocol.h; sourceTree = "<group>"; };
		840B7F4C14F2B0EB00BA1E2B /* DataAppDataObject.h */ = {isa = PBXFileReference; fileEncoding = 4; lastKnownFileType = sourcecode.c.h; path = DataAppDataObject.h; sourceTree = "<group>"; };
		840B7F4D14F2B0EB00BA1E2B /* DataAppDataObject.m */ = {isa = PBXFileReference; fileEncoding = 4; lastKnownFileType = sourcecode.c.objc; path = DataAppDataObject.m; sourceTree = "<group>"; };
		840B7F4F14F2B16000BA1E2B /* AppDataObject.h */ = {isa = PBXFileReference; fileEncoding = 4; lastKnownFileType = sourcecode.c.h; path = AppDataObject.h; sourceTree = "<group>"; };
		840B7F5014F2B16000BA1E2B /* AppDataObject.m */ = {isa = PBXFileReference; fileEncoding = 4; lastKnownFileType = sourcecode.c.objc; path = AppDataObject.m; sourceTree = "<group>"; };
		8411F1BE14446BA100825C74 /* testNo12.png */ = {isa = PBXFileReference; lastKnownFileType = image.png; path = testNo12.png; sourceTree = "<group>"; };
		8411F1C1144470AE00825C74 /* testNo13.png */ = {isa = PBXFileReference; lastKnownFileType = image.png; path = testNo13.png; sourceTree = "<group>"; };
		8423EFE614EDB88200B389BE /* PreviewViewController.h */ = {isa = PBXFileReference; fileEncoding = 4; lastKnownFileType = sourcecode.c.h; path = PreviewViewController.h; sourceTree = "<group>"; };
		8423EFE714EDB88200B389BE /* PreviewViewController.mm */ = {isa = PBXFileReference; fileEncoding = 4; lastKnownFileType = sourcecode.cpp.objcpp; path = PreviewViewController.mm; sourceTree = "<group>"; };
		8431269914A3C6D300104BD2 /* cvaux.cpp */ = {isa = PBXFileReference; fileEncoding = 4; lastKnownFileType = sourcecode.cpp.cpp; path = cvaux.cpp; sourceTree = "<group>"; };
		8431269A14A3C6D300104BD2 /* cvblob.cpp */ = {isa = PBXFileReference; fileEncoding = 4; lastKnownFileType = sourcecode.cpp.cpp; path = cvblob.cpp; sourceTree = "<group>"; };
		8431269B14A3C6D300104BD2 /* cvblob.h */ = {isa = PBXFileReference; fileEncoding = 4; lastKnownFileType = sourcecode.c.h; path = cvblob.h; sourceTree = "<group>"; };
		8431269C14A3C6D300104BD2 /* cvcolor.cpp */ = {isa = PBXFileReference; fileEncoding = 4; lastKnownFileType = sourcecode.cpp.cpp; path = cvcolor.cpp; sourceTree = "<group>"; };
		8431269D14A3C6D300104BD2 /* cvcontour.cpp */ = {isa = PBXFileReference; fileEncoding = 4; lastKnownFileType = sourcecode.cpp.cpp; path = cvcontour.cpp; sourceTree = "<group>"; };
		8431269E14A3C6D300104BD2 /* cvlabel.cpp */ = {isa = PBXFileReference; fileEncoding = 4; lastKnownFileType = sourcecode.cpp.cpp; path = cvlabel.cpp; sourceTree = "<group>"; };
		8431269F14A3C6D300104BD2 /* cvtrack.cpp */ = {isa = PBXFileReference; fileEncoding = 4; lastKnownFileType = sourcecode.cpp.cpp; path = cvtrack.cpp; sourceTree = "<group>"; };
		843126AB14A51A2A00104BD2 /* allheaders.h */ = {isa = PBXFileReference; fileEncoding = 4; lastKnownFileType = sourcecode.c.h; path = allheaders.h; sourceTree = "<group>"; };
		843126AC14A51A2A00104BD2 /* alltypes.h */ = {isa = PBXFileReference; fileEncoding = 4; lastKnownFileType = sourcecode.c.h; path = alltypes.h; sourceTree = "<group>"; };
		843126AD14A51A2A00104BD2 /* array.h */ = {isa = PBXFileReference; fileEncoding = 4; lastKnownFileType = sourcecode.c.h; path = array.h; sourceTree = "<group>"; };
		843126AE14A51A2A00104BD2 /* arrayaccess.h */ = {isa = PBXFileReference; fileEncoding = 4; lastKnownFileType = sourcecode.c.h; path = arrayaccess.h; sourceTree = "<group>"; };
		843126AF14A51A2A00104BD2 /* bbuffer.h */ = {isa = PBXFileReference; fileEncoding = 4; lastKnownFileType = sourcecode.c.h; path = bbuffer.h; sourceTree = "<group>"; };
		843126B014A51A2A00104BD2 /* bmf.h */ = {isa = PBXFileReference; fileEncoding = 4; lastKnownFileType = sourcecode.c.h; path = bmf.h; sourceTree = "<group>"; };
		843126B114A51A2A00104BD2 /* bmp.h */ = {isa = PBXFileReference; fileEncoding = 4; lastKnownFileType = sourcecode.c.h; path = bmp.h; sourceTree = "<group>"; };
		843126B214A51A2A00104BD2 /* ccbord.h */ = {isa = PBXFileReference; fileEncoding = 4; lastKnownFileType = sourcecode.c.h; path = ccbord.h; sourceTree = "<group>"; };
		843126B314A51A2A00104BD2 /* dewarp.h */ = {isa = PBXFileReference; fileEncoding = 4; lastKnownFileType = sourcecode.c.h; path = dewarp.h; sourceTree = "<group>"; };
		843126B414A51A2A00104BD2 /* endianness.h */ = {isa = PBXFileReference; fileEncoding = 4; lastKnownFileType = sourcecode.c.h; path = endianness.h; sourceTree = "<group>"; };
		843126B514A51A2A00104BD2 /* environ.h */ = {isa = PBXFileReference; fileEncoding = 4; lastKnownFileType = sourcecode.c.h; path = environ.h; sourceTree = "<group>"; };
		843126B614A51A2A00104BD2 /* freetype.h */ = {isa = PBXFileReference; fileEncoding = 4; lastKnownFileType = sourcecode.c.h; path = freetype.h; sourceTree = "<group>"; };
		843126B714A51A2A00104BD2 /* gplot.h */ = {isa = PBXFileReference; fileEncoding = 4; lastKnownFileType = sourcecode.c.h; path = gplot.h; sourceTree = "<group>"; };
		843126B814A51A2A00104BD2 /* heap.h */ = {isa = PBXFileReference; fileEncoding = 4; lastKnownFileType = sourcecode.c.h; path = heap.h; sourceTree = "<group>"; };
		843126B914A51A2A00104BD2 /* imageio.h */ = {isa = PBXFileReference; fileEncoding = 4; lastKnownFileType = sourcecode.c.h; path = imageio.h; sourceTree = "<group>"; };
		843126BA14A51A2A00104BD2 /* jbclass.h */ = {isa = PBXFileReference; fileEncoding = 4; lastKnownFileType = sourcecode.c.h; path = jbclass.h; sourceTree = "<group>"; };
		843126BB14A51A2A00104BD2 /* leptprotos.h */ = {isa = PBXFileReference; fileEncoding = 4; lastKnownFileType = sourcecode.c.h; path = leptprotos.h; sourceTree = "<group>"; };
		843126BC14A51A2A00104BD2 /* leptwin.h */ = {isa = PBXFileReference; fileEncoding = 4; lastKnownFileType = sourcecode.c.h; path = leptwin.h; sourceTree = "<group>"; };
		843126BD14A51A2A00104BD2 /* list.h */ = {isa = PBXFileReference; fileEncoding = 4; lastKnownFileType = sourcecode.c.h; path = list.h; sourceTree = "<group>"; };
		843126BE14A51A2A00104BD2 /* morph.h */ = {isa = PBXFileReference; fileEncoding = 4; lastKnownFileType = sourcecode.c.h; path = morph.h; sourceTree = "<group>"; };
		843126BF14A51A2A00104BD2 /* pix.h */ = {isa = PBXFileReference; fileEncoding = 4; lastKnownFileType = sourcecode.c.h; path = pix.h; sourceTree = "<group>"; };
		843126C014A51A2A00104BD2 /* ptra.h */ = {isa = PBXFileReference; fileEncoding = 4; lastKnownFileType = sourcecode.c.h; path = ptra.h; sourceTree = "<group>"; };
		843126C114A51A2A00104BD2 /* queue.h */ = {isa = PBXFileReference; fileEncoding = 4; lastKnownFileType = sourcecode.c.h; path = queue.h; sourceTree = "<group>"; };
		843126C214A51A2A00104BD2 /* readbarcode.h */ = {isa = PBXFileReference; fileEncoding = 4; lastKnownFileType = sourcecode.c.h; path = readbarcode.h; sourceTree = "<group>"; };
		843126C314A51A2A00104BD2 /* regutils.h */ = {isa = PBXFileReference; fileEncoding = 4; lastKnownFileType = sourcecode.c.h; path = regutils.h; sourceTree = "<group>"; };
		843126C414A51A2A00104BD2 /* stack.h */ = {isa = PBXFileReference; fileEncoding = 4; lastKnownFileType = sourcecode.c.h; path = stack.h; sourceTree = "<group>"; };
		843126C514A51A2A00104BD2 /* sudoku.h */ = {isa = PBXFileReference; fileEncoding = 4; lastKnownFileType = sourcecode.c.h; path = sudoku.h; sourceTree = "<group>"; };
		843126C614A51A2A00104BD2 /* watershed.h */ = {isa = PBXFileReference; fileEncoding = 4; lastKnownFileType = sourcecode.c.h; path = watershed.h; sourceTree = "<group>"; };
		843126C814A51A2A00104BD2 /* apitypes.h */ = {isa = PBXFileReference; fileEncoding = 4; lastKnownFileType = sourcecode.c.h; path = apitypes.h; sourceTree = "<group>"; };
		843126C914A51A2A00104BD2 /* baseapi.h */ = {isa = PBXFileReference; fileEncoding = 4; lastKnownFileType = sourcecode.c.h; path = baseapi.h; sourceTree = "<group>"; };
		843126CA14A51A2A00104BD2 /* errcode.h */ = {isa = PBXFileReference; fileEncoding = 4; lastKnownFileType = sourcecode.c.h; path = errcode.h; sourceTree = "<group>"; };
		843126CB14A51A2A00104BD2 /* genericvector.h */ = {isa = PBXFileReference; fileEncoding = 4; lastKnownFileType = sourcecode.c.h; path = genericvector.h; sourceTree = "<group>"; };
		843126CC14A51A2A00104BD2 /* helpers.h */ = {isa = PBXFileReference; fileEncoding = 4; lastKnownFileType = sourcecode.c.h; path = helpers.h; sourceTree = "<group>"; };
		843126CD14A51A2A00104BD2 /* host.h */ = {isa = PBXFileReference; fileEncoding = 4; lastKnownFileType = sourcecode.c.h; path = host.h; sourceTree = "<group>"; };
		843126CE14A51A2A00104BD2 /* ndminx.h */ = {isa = PBXFileReference; fileEncoding = 4; lastKnownFileType = sourcecode.c.h; path = ndminx.h; sourceTree = "<group>"; };
		843126CF14A51A2A00104BD2 /* ocrclass.h */ = {isa = PBXFileReference; fileEncoding = 4; lastKnownFileType = sourcecode.c.h; path = ocrclass.h; sourceTree = "<group>"; };
		843126D014A51A2A00104BD2 /* platform.h */ = {isa = PBXFileReference; fileEncoding = 4; lastKnownFileType = sourcecode.c.h; path = platform.h; sourceTree = "<group>"; };
		843126D114A51A2A00104BD2 /* publictypes.h */ = {isa = PBXFileReference; fileEncoding = 4; lastKnownFileType = sourcecode.c.h; path = publictypes.h; sourceTree = "<group>"; };
		843126D214A51A2A00104BD2 /* tesscallback.h */ = {isa = PBXFileReference; fileEncoding = 4; lastKnownFileType = sourcecode.c.h; path = tesscallback.h; sourceTree = "<group>"; };
		843126D314A51A2A00104BD2 /* thresholder.h */ = {isa = PBXFileReference; fileEncoding = 4; lastKnownFileType = sourcecode.c.h; path = thresholder.h; sourceTree = "<group>"; };
		843126D414A51A2A00104BD2 /* unichar.h */ = {isa = PBXFileReference; fileEncoding = 4; lastKnownFileType = sourcecode.c.h; path = unichar.h; sourceTree = "<group>"; };
		843126D614A51A2A00104BD2 /* liblept.a */ = {isa = PBXFileReference; lastKnownFileType = archive.ar; path = liblept.a; sourceTree = "<group>"; };
		843126D714A51A2A00104BD2 /* libtesseract_all.a */ = {isa = PBXFileReference; lastKnownFileType = archive.ar; path = libtesseract_all.a; sourceTree = "<group>"; };
		843126E514A52A7A00104BD2 /* tessdata */ = {isa = PBXFileReference; lastKnownFileType = folder; path = tessdata; sourceTree = "<group>"; };
		843126E714A68ABA00104BD2 /* NEWKAKURO.png */ = {isa = PBXFileReference; lastKnownFileType = image.png; path = NEWKAKURO.png; sourceTree = "<group>"; };
		843126E914A68BA000104BD2 /* newKAKAKA.png */ = {isa = PBXFileReference; lastKnownFileType = image.png; path = newKAKAKA.png; sourceTree = "<group>"; };
		843126EB14A69ABE00104BD2 /* XIXKSK.png */ = {isa = PBXFileReference; lastKnownFileType = image.png; path = XIXKSK.png; sourceTree = "<group>"; };
		843126ED14A69C1000104BD2 /* Kakurojjj.jpg */ = {isa = PBXFileReference; lastKnownFileType = image.jpeg; path = Kakurojjj.jpg; sourceTree = "<group>"; };
		8434A2F514ED553100D1A836 /* MainStoryboard.storyboard */ = {isa = PBXFileReference; fileEncoding = 4; lastKnownFileType = file.storyboard; name = MainStoryboard.storyboard; path = ../MainStoryboard.storyboard; sourceTree = "<group>"; };
		844212171455795500C13FC1 /* digitrecognizer.cpp */ = {isa = PBXFileReference; fileEncoding = 4; lastKnownFileType = sourcecode.cpp.cpp; path = digitrecognizer.cpp; sourceTree = "<group>"; };
		844212181455795600C13FC1 /* digitrecognizer.h */ = {isa = PBXFileReference; fileEncoding = 4; lastKnownFileType = sourcecode.c.h; path = digitrecognizer.h; sourceTree = "<group>"; };
		8447495514D726CD00140BF7 /* Hitorixx.JPG */ = {isa = PBXFileReference; lastKnownFileType = image.jpeg; path = Hitorixx.JPG; sourceTree = "<group>"; };
		8447495814D733A700140BF7 /* Hitori4.JPG */ = {isa = PBXFileReference; lastKnownFileType = image.jpeg; path = Hitori4.JPG; sourceTree = "<group>"; };
		8447495A14D734EC00140BF7 /* hitori6.png */ = {isa = PBXFileReference; lastKnownFileType = image.png; path = hitori6.png; sourceTree = "<group>"; };
		84478A7C14ED59070065E665 /* MainViewDelegate.h */ = {isa = PBXFileReference; fileEncoding = 4; lastKnownFileType = sourcecode.c.h; path = MainViewDelegate.h; sourceTree = "<group>"; };
		84478A7D14ED59070065E665 /* MainViewDelegate.m */ = {isa = PBXFileReference; fileEncoding = 4; lastKnownFileType = sourcecode.c.objc; path = MainViewDelegate.m; sourceTree = "<group>"; };
		847B48681493E6C2004FA64A /* 2.png */ = {isa = PBXFileReference; lastKnownFileType = image.png; path = 2.png; sourceTree = "<group>"; };
		847B486B1493E97D004FA64A /* 222.png */ = {isa = PBXFileReference; lastKnownFileType = image.png; path = 222.png; sourceTree = "<group>"; };
		8497FBEB14426AE20012373F /* test2.png */ = {isa = PBXFileReference; lastKnownFileType = image.png; path = test2.png; sourceTree = "<group>"; };
		8497FBEE1442709B0012373F /* kakuroxx.png */ = {isa = PBXFileReference; lastKnownFileType = image.png; path = kakuroxx.png; sourceTree = "<group>"; };
		8497FBF0144271300012373F /* KillerSudoku1790603.jpg */ = {isa = PBXFileReference; lastKnownFileType = image.jpeg; path = KillerSudoku1790603.jpg; sourceTree = "<group>"; };
		8497FBF814436BA80012373F /* sample-puzzle.jpg */ = {isa = PBXFileReference; lastKnownFileType = image.jpeg; path = "sample-puzzle.jpg"; sourceTree = "<group>"; };
		8497FBFA144370E10012373F /* kakur2.png */ = {isa = PBXFileReference; lastKnownFileType = image.png; path = kakur2.png; sourceTree = "<group>"; };
		849969BF1441125D004C6798 /* 2.jpg */ = {isa = PBXFileReference; lastKnownFileType = image.jpeg; path = 2.jpg; sourceTree = "<group>"; };
		84B521E21498061D00124881 /* empty.png */ = {isa = PBXFileReference; lastKnownFileType = image.png; path = empty.png; sourceTree = "<group>"; };
		84D1F56D14422F5400E3B1C0 /* test1.jpg */ = {isa = PBXFileReference; lastKnownFileType = image.jpeg; path = test1.jpg; sourceTree = "<group>"; };
		84D1F56E14422F5400E3B1C0 /* IMG_0629.jpg */ = {isa = PBXFileReference; lastKnownFileType = image.jpeg; path = IMG_0629.jpg; sourceTree = "<group>"; };
		84D1F56F14422F5400E3B1C0 /* IMG_0630.jpg */ = {isa = PBXFileReference; lastKnownFileType = image.jpeg; path = IMG_0630.jpg; sourceTree = "<group>"; };
		84D1F575144238D300E3B1C0 /* kakuro.jpg */ = {isa = PBXFileReference; lastKnownFileType = image.jpeg; path = kakuro.jpg; sourceTree = "<group>"; };
		84E61E9C14B47E2E00DEC675 /* Kekuro.jpg */ = {isa = PBXFileReference; lastKnownFileType = image.jpeg; path = Kekuro.jpg; sourceTree = "<group>"; };
		84E61E9E14B4859700DEC675 /* KEKEK221.jpg */ = {isa = PBXFileReference; lastKnownFileType = image.jpeg; path = KEKEK221.jpg; sourceTree = "<group>"; };
		84E61EA014B486DA00DEC675 /* KEKEK221yy.jpg */ = {isa = PBXFileReference; lastKnownFileType = image.jpeg; path = KEKEK221yy.jpg; sourceTree = "<group>"; };
		84E61EA414B488A900DEC675 /* kakuro.png */ = {isa = PBXFileReference; lastKnownFileType = image.png; path = kakuro.png; sourceTree = "<group>"; };
/* End PBXFileReference section */

/* Begin PBXFrameworksBuildPhase section */
		0013FA1D14111D0E004DC957 /* Frameworks */ = {
			isa = PBXFrameworksBuildPhase;
			buildActionMask = 2147483647;
			files = (
				005C845C1416980700B1ADDB /* CoreMedia.framework in Frameworks */,
				005C845A141697EF00B1ADDB /* CoreVideo.framework in Frameworks */,
				005C8458141697CC00B1ADDB /* AVFoundation.framework in Frameworks */,
				005C83F61411414700B1ADDB /* ImageIO.framework in Frameworks */,
				0013FA2514111D0E004DC957 /* UIKit.framework in Frameworks */,
				0013FA2714111D0E004DC957 /* Foundation.framework in Frameworks */,
				0013FA2914111D0E004DC957 /* CoreGraphics.framework in Frameworks */,
				005C85B71416B09D00B1ADDB /* OpenCV.framework in Frameworks */,
				005C83F41411413800B1ADDB /* libz.dylib in Frameworks */,
				843126D814A51A2A00104BD2 /* liblept.a in Frameworks */,
				843126D914A51A2A00104BD2 /* libtesseract_all.a in Frameworks */,
			);
			runOnlyForDeploymentPostprocessing = 0;
		};
/* End PBXFrameworksBuildPhase section */

/* Begin PBXGroup section */
		0013FA1514111D0E004DC957 = {
			isa = PBXGroup;
			children = (
				00FDD98E1435E549008F8ECE /* README.markdown */,
				8431267514A3985300104BD2 /* cvBlob */,
				843126E514A52A7A00104BD2 /* tessdata */,
				843126A814A51A2A00104BD2 /* dependencies */,
				840B7F3E14EE9EB900BA1E2B /* Grid */,
				8434A2E514ED2AC000D1A836 /* Hitori */,
				0013FA4D14112999004DC957 /* Images */,
				0013FA2A14111D0F004DC957 /* OpenCVClient */,
				0013FA2314111D0E004DC957 /* Frameworks */,
				0013FA2114111D0E004DC957 /* Products */,
			);
			sourceTree = "<group>";
		};
		0013FA2114111D0E004DC957 /* Products */ = {
			isa = PBXGroup;
			children = (
				0013FA2014111D0E004DC957 /* HitioriGrab.app */,
			);
			name = Products;
			sourceTree = "<group>";
		};
		0013FA2314111D0E004DC957 /* Frameworks */ = {
			isa = PBXGroup;
			children = (
				005C85B61416B09D00B1ADDB /* OpenCV.framework */,
				005C8459141697EF00B1ADDB /* CoreVideo.framework */,
				005C845B1416980700B1ADDB /* CoreMedia.framework */,
				005C8457141697CC00B1ADDB /* AVFoundation.framework */,
				005C83F51411414700B1ADDB /* ImageIO.framework */,
				0013FA2414111D0E004DC957 /* UIKit.framework */,
				0013FA2614111D0E004DC957 /* Foundation.framework */,
				0013FA2814111D0E004DC957 /* CoreGraphics.framework */,
				005C83F31411413700B1ADDB /* libz.dylib */,
			);
			name = Frameworks;
			sourceTree = "<group>";
		};
		0013FA2A14111D0F004DC957 /* OpenCVClient */ = {
			isa = PBXGroup;
			children = (
				840B7F4B14F2AE9E00BA1E2B /* AppDelegateProtocol.h */,
				84478A7C14ED59070065E665 /* MainViewDelegate.h */,
				84478A7D14ED59070065E665 /* MainViewDelegate.m */,
				844212171455795500C13FC1 /* digitrecognizer.cpp */,
				844212181455795600C13FC1 /* digitrecognizer.h */,
				0013FA3314111D0F004DC957 /* OpenCVClientAppDelegate.h */,
				0013FA3414111D0F004DC957 /* OpenCVClientAppDelegate.mm */,
				0013FA3614111D0F004DC957 /* MainWindow.xib */,
				0013FA3914111D0F004DC957 /* OpenCVClientViewController.h */,
				0013FA3A14111D0F004DC957 /* OpenCVClientViewController.mm */,
				0013FA3C14111D0F004DC957 /* OpenCVClientViewController.xib */,
				840B7F4C14F2B0EB00BA1E2B /* DataAppDataObject.h */,
				840B7F4D14F2B0EB00BA1E2B /* DataAppDataObject.m */,
				840B7F4F14F2B16000BA1E2B /* AppDataObject.h */,
				840B7F5014F2B16000BA1E2B /* AppDataObject.m */,
				0013FA2B14111D0F004DC957 /* Supporting Files */,
				0013FA4614111D6A004DC957 /* UIImage+OpenCV.h */,
				0013FA4714111D6A004DC957 /* UIImage+OpenCV.mm */,
				84478A8214ED5A800065E665 /* UI */,
			);
			path = OpenCVClient;
			sourceTree = "<group>";
		};
		0013FA2B14111D0F004DC957 /* Supporting Files */ = {
			isa = PBXGroup;
			children = (
				0013FA2C14111D0F004DC957 /* HitioriGrab-Info.plist */,
				0013FA2D14111D0F004DC957 /* InfoPlist.strings */,
				0013FA3014111D0F004DC957 /* main.m */,
				0013FA3214111D0F004DC957 /* HitioriGrab-Prefix.pch */,
			);
			name = "Supporting Files";
			sourceTree = "<group>";
		};
		0013FA4D14112999004DC957 /* Images */ = {
			isa = PBXGroup;
			children = (
				849969BF1441125D004C6798 /* 2.jpg */,
				000DE6D51416BA0F006B478D /* 1.jpg */,
				843126ED14A69C1000104BD2 /* Kakurojjj.jpg */,
				8411F1C1144470AE00825C74 /* testNo13.png */,
				8411F1BE14446BA100825C74 /* testNo12.png */,
				843126E714A68ABA00104BD2 /* NEWKAKURO.png */,
				84E61E9C14B47E2E00DEC675 /* Kekuro.jpg */,
				843126EB14A69ABE00104BD2 /* XIXKSK.png */,
				8497FBEB14426AE20012373F /* test2.png */,
				8497FBF0144271300012373F /* KillerSudoku1790603.jpg */,
				84D1F575144238D300E3B1C0 /* kakuro.jpg */,
				8497FBFA144370E10012373F /* kakur2.png */,
				847B486B1493E97D004FA64A /* 222.png */,
				843126E914A68BA000104BD2 /* newKAKAKA.png */,
				84E61EA014B486DA00DEC675 /* KEKEK221yy.jpg */,
				84E61E9E14B4859700DEC675 /* KEKEK221.jpg */,
				84E61EA414B488A900DEC675 /* kakuro.png */,
				847B48681493E6C2004FA64A /* 2.png */,
				84D1F56D14422F5400E3B1C0 /* test1.jpg */,
				84B521E21498061D00124881 /* empty.png */,
				8497FBF814436BA80012373F /* sample-puzzle.jpg */,
				8497FBEE1442709B0012373F /* kakuroxx.png */,
				8447495814D733A700140BF7 /* Hitori4.JPG */,
				8447495A14D734EC00140BF7 /* hitori6.png */,
				84D1F56E14422F5400E3B1C0 /* IMG_0629.jpg */,
				8447495514D726CD00140BF7 /* Hitorixx.JPG */,
				84D1F56F14422F5400E3B1C0 /* IMG_0630.jpg */,
			);
			name = Images;
			sourceTree = "<group>";
		};
		840B7F3E14EE9EB900BA1E2B /* Grid */ = {
			isa = PBXGroup;
			children = (
				840B7F4114EE9F0B00BA1E2B /* BoardExtractor.h */,
				840B7F4214EE9F0B00BA1E2B /* BoardExtractor.mm */,
			);
			name = Grid;
			sourceTree = "<group>";
		};
		8431267514A3985300104BD2 /* cvBlob */ = {
			isa = PBXGroup;
			children = (
				8431269914A3C6D300104BD2 /* cvaux.cpp */,
				8431269A14A3C6D300104BD2 /* cvblob.cpp */,
				8431269B14A3C6D300104BD2 /* cvblob.h */,
				8431269C14A3C6D300104BD2 /* cvcolor.cpp */,
				8431269D14A3C6D300104BD2 /* cvcontour.cpp */,
				8431269E14A3C6D300104BD2 /* cvlabel.cpp */,
				8431269F14A3C6D300104BD2 /* cvtrack.cpp */,
			);
			path = cvBlob;
			sourceTree = "<group>";
		};
		843126A814A51A2A00104BD2 /* dependencies */ = {
			isa = PBXGroup;
			children = (
				843126A914A51A2A00104BD2 /* include */,
				843126D514A51A2A00104BD2 /* lib */,
			);
			path = dependencies;
			sourceTree = "<group>";
		};
		843126A914A51A2A00104BD2 /* include */ = {
			isa = PBXGroup;
			children = (
				843126AA14A51A2A00104BD2 /* leptonica */,
				843126C714A51A2A00104BD2 /* tesseract */,
			);
			path = include;
			sourceTree = "<group>";
		};
		843126AA14A51A2A00104BD2 /* leptonica */ = {
			isa = PBXGroup;
			children = (
				843126AB14A51A2A00104BD2 /* allheaders.h */,
				843126AC14A51A2A00104BD2 /* alltypes.h */,
				843126AD14A51A2A00104BD2 /* array.h */,
				843126AE14A51A2A00104BD2 /* arrayaccess.h */,
				843126AF14A51A2A00104BD2 /* bbuffer.h */,
				843126B014A51A2A00104BD2 /* bmf.h */,
				843126B114A51A2A00104BD2 /* bmp.h */,
				843126B214A51A2A00104BD2 /* ccbord.h */,
				843126B314A51A2A00104BD2 /* dewarp.h */,
				843126B414A51A2A00104BD2 /* endianness.h */,
				843126B514A51A2A00104BD2 /* environ.h */,
				843126B614A51A2A00104BD2 /* freetype.h */,
				843126B714A51A2A00104BD2 /* gplot.h */,
				843126B814A51A2A00104BD2 /* heap.h */,
				843126B914A51A2A00104BD2 /* imageio.h */,
				843126BA14A51A2A00104BD2 /* jbclass.h */,
				843126BB14A51A2A00104BD2 /* leptprotos.h */,
				843126BC14A51A2A00104BD2 /* leptwin.h */,
				843126BD14A51A2A00104BD2 /* list.h */,
				843126BE14A51A2A00104BD2 /* morph.h */,
				843126BF14A51A2A00104BD2 /* pix.h */,
				843126C014A51A2A00104BD2 /* ptra.h */,
				843126C114A51A2A00104BD2 /* queue.h */,
				843126C214A51A2A00104BD2 /* readbarcode.h */,
				843126C314A51A2A00104BD2 /* regutils.h */,
				843126C414A51A2A00104BD2 /* stack.h */,
				843126C514A51A2A00104BD2 /* sudoku.h */,
				843126C614A51A2A00104BD2 /* watershed.h */,
			);
			path = leptonica;
			sourceTree = "<group>";
		};
		843126C714A51A2A00104BD2 /* tesseract */ = {
			isa = PBXGroup;
			children = (
				843126C814A51A2A00104BD2 /* apitypes.h */,
				843126C914A51A2A00104BD2 /* baseapi.h */,
				843126CA14A51A2A00104BD2 /* errcode.h */,
				843126CB14A51A2A00104BD2 /* genericvector.h */,
				843126CC14A51A2A00104BD2 /* helpers.h */,
				843126CD14A51A2A00104BD2 /* host.h */,
				843126CE14A51A2A00104BD2 /* ndminx.h */,
				843126CF14A51A2A00104BD2 /* ocrclass.h */,
				843126D014A51A2A00104BD2 /* platform.h */,
				843126D114A51A2A00104BD2 /* publictypes.h */,
				843126D214A51A2A00104BD2 /* tesscallback.h */,
				843126D314A51A2A00104BD2 /* thresholder.h */,
				843126D414A51A2A00104BD2 /* unichar.h */,
			);
			path = tesseract;
			sourceTree = "<group>";
		};
		843126D514A51A2A00104BD2 /* lib */ = {
			isa = PBXGroup;
			children = (
				843126D614A51A2A00104BD2 /* liblept.a */,
				843126D714A51A2A00104BD2 /* libtesseract_all.a */,
			);
			path = lib;
			sourceTree = "<group>";
		};
		8434A2E514ED2AC000D1A836 /* Hitori */ = {
			isa = PBXGroup;
			children = (
			);
			name = Hitori;
			sourceTree = "<group>";
		};
		84478A8214ED5A800065E665 /* UI */ = {
			isa = PBXGroup;
			children = (
				8434A2F514ED553100D1A836 /* MainStoryboard.storyboard */,
				8423EFE614EDB88200B389BE /* PreviewViewController.h */,
				8423EFE714EDB88200B389BE /* PreviewViewController.mm */,
				840B7F4414F028C400BA1E2B /* PuzzleViewController.h */,
				840B7F4514F028C400BA1E2B /* PuzzleViewController.m */,
			);
			name = UI;
			sourceTree = "<group>";
		};
/* End PBXGroup section */

/* Begin PBXNativeTarget section */
		0013FA1F14111D0E004DC957 /* HitioriGrab */ = {
			isa = PBXNativeTarget;
			buildConfigurationList = 0013FA4114111D0F004DC957 /* Build configuration list for PBXNativeTarget "HitioriGrab" */;
			buildPhases = (
				0013FA1C14111D0E004DC957 /* Sources */,
				0013FA1D14111D0E004DC957 /* Frameworks */,
				0013FA1E14111D0E004DC957 /* Resources */,
			);
			buildRules = (
			);
			dependencies = (
			);
			name = HitioriGrab;
			productName = OpenCVClient;
			productReference = 0013FA2014111D0E004DC957 /* HitioriGrab.app */;
			productType = "com.apple.product-type.application";
		};
/* End PBXNativeTarget section */

/* Begin PBXProject section */
		0013FA1714111D0E004DC957 /* Project object */ = {
			isa = PBXProject;
			attributes = {
				LastUpgradeCheck = 0420;
				ORGANIZATIONNAME = "Aptogo Limited";
			};
			buildConfigurationList = 0013FA1A14111D0E004DC957 /* Build configuration list for PBXProject "HitioriGrab" */;
			compatibilityVersion = "Xcode 3.2";
			developmentRegion = English;
			hasScannedForEncodings = 0;
			knownRegions = (
				en,
			);
			mainGroup = 0013FA1514111D0E004DC957;
			productRefGroup = 0013FA2114111D0E004DC957 /* Products */;
			projectDirPath = "";
			projectRoot = "";
			targets = (
				0013FA1F14111D0E004DC957 /* HitioriGrab */,
			);
		};
/* End PBXProject section */

/* Begin PBXResourcesBuildPhase section */
		0013FA1E14111D0E004DC957 /* Resources */ = {
			isa = PBXResourcesBuildPhase;
			buildActionMask = 2147483647;
			files = (
				0013FA2F14111D0F004DC957 /* InfoPlist.strings in Resources */,
				0013FA3814111D0F004DC957 /* MainWindow.xib in Resources */,
				0013FA3E14111D0F004DC957 /* OpenCVClientViewController.xib in Resources */,
				000DE6D61416BA0F006B478D /* 1.jpg in Resources */,
				849969C01441125D004C6798 /* 2.jpg in Resources */,
				84D1F57114422F5400E3B1C0 /* test1.jpg in Resources */,
				84D1F57214422F5400E3B1C0 /* IMG_0629.jpg in Resources */,
				84D1F57314422F5400E3B1C0 /* IMG_0630.jpg in Resources */,
				84D1F576144238D300E3B1C0 /* kakuro.jpg in Resources */,
				8497FBEC14426AE20012373F /* test2.png in Resources */,
				8497FBEF1442709B0012373F /* kakuroxx.png in Resources */,
				8497FBF1144271300012373F /* KillerSudoku1790603.jpg in Resources */,
				8497FBF914436BA90012373F /* sample-puzzle.jpg in Resources */,
				8497FBFB144370E10012373F /* kakur2.png in Resources */,
				8411F1BF14446BA100825C74 /* testNo12.png in Resources */,
				8411F1C2144470AE00825C74 /* testNo13.png in Resources */,
				847B48691493E6C2004FA64A /* 2.png in Resources */,
				847B486C1493E97D004FA64A /* 222.png in Resources */,
				84B521E31498061D00124881 /* empty.png in Resources */,
				843126E614A52A7B00104BD2 /* tessdata in Resources */,
				843126E814A68ABB00104BD2 /* NEWKAKURO.png in Resources */,
				843126EA14A68BA100104BD2 /* newKAKAKA.png in Resources */,
				843126EC14A69AC000104BD2 /* XIXKSK.png in Resources */,
				843126EE14A69C1000104BD2 /* Kakurojjj.jpg in Resources */,
				84E61E9D14B47E2E00DEC675 /* Kekuro.jpg in Resources */,
				84E61E9F14B4859700DEC675 /* KEKEK221.jpg in Resources */,
				84E61EA114B486DA00DEC675 /* KEKEK221yy.jpg in Resources */,
				84E61EA514B488A900DEC675 /* kakuro.png in Resources */,
				8447495614D726CD00140BF7 /* Hitorixx.JPG in Resources */,
				8447495914D733A700140BF7 /* Hitori4.JPG in Resources */,
				8447495B14D734ED00140BF7 /* hitori6.png in Resources */,
				8434A2F614ED553200D1A836 /* MainStoryboard.storyboard in Resources */,
			);
			runOnlyForDeploymentPostprocessing = 0;
		};
/* End PBXResourcesBuildPhase section */

/* Begin PBXSourcesBuildPhase section */
		0013FA1C14111D0E004DC957 /* Sources */ = {
			isa = PBXSourcesBuildPhase;
			buildActionMask = 2147483647;
			files = (
				0013FA3114111D0F004DC957 /* main.m in Sources */,
				0013FA3514111D0F004DC957 /* OpenCVClientAppDelegate.mm in Sources */,
				0013FA3B14111D0F004DC957 /* OpenCVClientViewController.mm in Sources */,
				0013FA4814111D6A004DC957 /* UIImage+OpenCV.mm in Sources */,
				844212191455795600C13FC1 /* digitrecognizer.cpp in Sources */,
				843126A014A3C6D300104BD2 /* cvaux.cpp in Sources */,
				843126A114A3C6D300104BD2 /* cvblob.cpp in Sources */,
				843126A214A3C6D300104BD2 /* cvcolor.cpp in Sources */,
				843126A314A3C6D300104BD2 /* cvcontour.cpp in Sources */,
				843126A414A3C6D300104BD2 /* cvlabel.cpp in Sources */,
				843126A514A3C6D300104BD2 /* cvtrack.cpp in Sources */,
				84478A7E14ED59070065E665 /* MainViewDelegate.m in Sources */,
				8423EFE814EDB88300B389BE /* PreviewViewController.mm in Sources */,
				840B7F4314EE9F0B00BA1E2B /* BoardExtractor.mm in Sources */,
				840B7F4614F028C400BA1E2B /* PuzzleViewController.m in Sources */,
				840B7F4E14F2B0EB00BA1E2B /* DataAppDataObject.m in Sources */,
				840B7F5114F2B16000BA1E2B /* AppDataObject.m in Sources */,
			);
			runOnlyForDeploymentPostprocessing = 0;
		};
/* End PBXSourcesBuildPhase section */

/* Begin PBXVariantGroup section */
		0013FA2D14111D0F004DC957 /* InfoPlist.strings */ = {
			isa = PBXVariantGroup;
			children = (
				0013FA2E14111D0F004DC957 /* en */,
			);
			name = InfoPlist.strings;
			sourceTree = "<group>";
		};
		0013FA3614111D0F004DC957 /* MainWindow.xib */ = {
			isa = PBXVariantGroup;
			children = (
				0013FA3714111D0F004DC957 /* en */,
			);
			name = MainWindow.xib;
			sourceTree = "<group>";
		};
		0013FA3C14111D0F004DC957 /* OpenCVClientViewController.xib */ = {
			isa = PBXVariantGroup;
			children = (
				0013FA3D14111D0F004DC957 /* en */,
			);
			name = OpenCVClientViewController.xib;
			sourceTree = "<group>";
		};
/* End PBXVariantGroup section */

/* Begin XCBuildConfiguration section */
		0013FA3F14111D0F004DC957 /* Debug */ = {
			isa = XCBuildConfiguration;
			buildSettings = {
				ALWAYS_SEARCH_USER_PATHS = NO;
				ARCHS = "$(ARCHS_STANDARD_32_BIT)";
				"CODE_SIGN_IDENTITY[sdk=iphoneos*]" = "iPhone Developer";
				COPY_PHASE_STRIP = NO;
				GCC_C_LANGUAGE_STANDARD = gnu99;
				GCC_DYNAMIC_NO_PIC = NO;
				GCC_OPTIMIZATION_LEVEL = 0;
				GCC_PREPROCESSOR_DEFINITIONS = (
					"DEBUG=1",
					"$(inherited)",
				);
				GCC_SYMBOLS_PRIVATE_EXTERN = NO;
				GCC_VERSION = com.apple.compilers.llvmgcc42;
				GCC_WARN_ABOUT_MISSING_PROTOTYPES = YES;
				GCC_WARN_ABOUT_RETURN_TYPE = YES;
				GCC_WARN_UNUSED_VARIABLE = YES;
				IPHONEOS_DEPLOYMENT_TARGET = 4.3;
				SDKROOT = iphoneos;
			};
			name = Debug;
		};
		0013FA4014111D0F004DC957 /* Release */ = {
			isa = XCBuildConfiguration;
			buildSettings = {
				ALWAYS_SEARCH_USER_PATHS = NO;
				ARCHS = "$(ARCHS_STANDARD_32_BIT)";
				"CODE_SIGN_IDENTITY[sdk=iphoneos*]" = "iPhone Developer";
				COPY_PHASE_STRIP = YES;
				GCC_C_LANGUAGE_STANDARD = gnu99;
				GCC_VERSION = com.apple.compilers.llvmgcc42;
				GCC_WARN_ABOUT_MISSING_PROTOTYPES = YES;
				GCC_WARN_ABOUT_RETURN_TYPE = YES;
				GCC_WARN_UNUSED_VARIABLE = YES;
				IPHONEOS_DEPLOYMENT_TARGET = 4.3;
				OTHER_CFLAGS = "-DNS_BLOCK_ASSERTIONS=1";
				SDKROOT = iphoneos;
				VALIDATE_PRODUCT = YES;
			};
			name = Release;
		};
		0013FA4214111D0F004DC957 /* Debug */ = {
			isa = XCBuildConfiguration;
			buildSettings = {
				FRAMEWORK_SEARCH_PATHS = (
					"$(inherited)",
					"\"$(SRCROOT)\"",
				);
				GCC_PRECOMPILE_PREFIX_HEADER = YES;
				GCC_PREFIX_HEADER = "OpenCVClient/HitioriGrab-Prefix.pch";
				GCC_PREPROCESSOR_DEFINITIONS = DEBUG;
				GCC_PREPROCESSOR_DEFINITIONS_NOT_USED_IN_PRECOMPS = "";
				"GCC_THUMB_SUPPORT[arch=armv6]" = NO;
				GCC_VERSION = com.apple.compilers.llvm.clang.1_0;
				INFOPLIST_FILE = "OpenCVClient/HitioriGrab-Info.plist";
				IPHONEOS_DEPLOYMENT_TARGET = 5.0;
				LIBRARY_SEARCH_PATHS = (
					"$(inherited)",
					"\"$(SRCROOT)/dependencies/lib\"",
				);
				PRODUCT_NAME = HitioriGrab;
				WRAPPER_EXTENSION = app;
			};
			name = Debug;
		};
		0013FA4314111D0F004DC957 /* Release */ = {
			isa = XCBuildConfiguration;
			buildSettings = {
				FRAMEWORK_SEARCH_PATHS = (
					"$(inherited)",
					"\"$(SRCROOT)\"",
				);
				GCC_PRECOMPILE_PREFIX_HEADER = YES;
				GCC_PREFIX_HEADER = "OpenCVClient/HitioriGrab-Prefix.pch";
				GCC_PREPROCESSOR_DEFINITIONS = DEBUG;
				GCC_PREPROCESSOR_DEFINITIONS_NOT_USED_IN_PRECOMPS = "";
				"GCC_THUMB_SUPPORT[arch=armv6]" = NO;
				GCC_VERSION = com.apple.compilers.llvm.clang.1_0;
				INFOPLIST_FILE = "OpenCVClient/HitioriGrab-Info.plist";
				IPHONEOS_DEPLOYMENT_TARGET = 5.0;
				LIBRARY_SEARCH_PATHS = (
					"$(inherited)",
					"\"$(SRCROOT)/dependencies/lib\"",
				);
				PRODUCT_NAME = HitioriGrab;
				WRAPPER_EXTENSION = app;
			};
			name = Release;
		};
/* End XCBuildConfiguration section */

/* Begin XCConfigurationList section */
		0013FA1A14111D0E004DC957 /* Build configuration list for PBXProject "HitioriGrab" */ = {
			isa = XCConfigurationList;
			buildConfigurations = (
				0013FA3F14111D0F004DC957 /* Debug */,
				0013FA4014111D0F004DC957 /* Release */,
			);
			defaultConfigurationIsVisible = 0;
			defaultConfigurationName = Release;
		};
		0013FA4114111D0F004DC957 /* Build configuration list for PBXNativeTarget "HitioriGrab" */ = {
			isa = XCConfigurationList;
			buildConfigurations = (
				0013FA4214111D0F004DC957 /* Debug */,
				0013FA4314111D0F004DC957 /* Release */,
			);
			defaultConfigurationIsVisible = 0;
			defaultConfigurationName = Release;
		};
/* End XCConfigurationList section */
	};
	rootObject = 0013FA1714111D0E004DC957 /* Project object */;
}
