// !$*UTF8*$!
{
	archiveVersion = 1;
	classes = {
	};
	objectVersion = 46;
	objects = {

/* Begin PBXBuildFile section */
		0013FA2514111D0E004DC957 /* UIKit.framework in Frameworks */ = {isa = PBXBuildFile; fileRef = 0013FA2414111D0E004DC957 /* UIKit.framework */; };
		0013FA2714111D0E004DC957 /* Foundation.framework in Frameworks */ = {isa = PBXBuildFile; fileRef = 0013FA2614111D0E004DC957 /* Foundation.framework */; };
		0013FA2914111D0E004DC957 /* CoreGraphics.framework in Frameworks */ = {isa = PBXBuildFile; fileRef = 0013FA2814111D0E004DC957 /* CoreGraphics.framework */; };
		0013FA2F14111D0F004DC957 /* InfoPlist.strings in Resources */ = {isa = PBXBuildFile; fileRef = 0013FA2D14111D0F004DC957 /* InfoPlist.strings */; };
		0013FA3114111D0F004DC957 /* main.m in Sources */ = {isa = PBXBuildFile; fileRef = 0013FA3014111D0F004DC957 /* main.m */; };
		0013FA3514111D0F004DC957 /* OpenCVClientAppDelegate.mm in Sources */ = {isa = PBXBuildFile; fileRef = 0013FA3414111D0F004DC957 /* OpenCVClientAppDelegate.mm */; };
		0013FA3814111D0F004DC957 /* MainWindow.xib in Resources */ = {isa = PBXBuildFile; fileRef = 0013FA3614111D0F004DC957 /* MainWindow.xib */; };
		0013FA3B14111D0F004DC957 /* OpenCVClientViewController.mm in Sources */ = {isa = PBXBuildFile; fileRef = 0013FA3A14111D0F004DC957 /* OpenCVClientViewController.mm */; };
		0013FA3E14111D0F004DC957 /* OpenCVClientViewController.xib in Resources */ = {isa = PBXBuildFile; fileRef = 0013FA3C14111D0F004DC957 /* OpenCVClientViewController.xib */; };
		0013FA4814111D6A004DC957 /* UIImage+OpenCV.mm in Sources */ = {isa = PBXBuildFile; fileRef = 0013FA4714111D6A004DC957 /* UIImage+OpenCV.mm */; };
		005C83F41411413800B1ADDB /* libz.dylib in Frameworks */ = {isa = PBXBuildFile; fileRef = 005C83F31411413700B1ADDB /* libz.dylib */; };
		005C83F61411414700B1ADDB /* ImageIO.framework in Frameworks */ = {isa = PBXBuildFile; fileRef = 005C83F51411414700B1ADDB /* ImageIO.framework */; };
		005C8458141697CC00B1ADDB /* AVFoundation.framework in Frameworks */ = {isa = PBXBuildFile; fileRef = 005C8457141697CC00B1ADDB /* AVFoundation.framework */; };
		005C845A141697EF00B1ADDB /* CoreVideo.framework in Frameworks */ = {isa = PBXBuildFile; fileRef = 005C8459141697EF00B1ADDB /* CoreVideo.framework */; };
		005C845C1416980700B1ADDB /* CoreMedia.framework in Frameworks */ = {isa = PBXBuildFile; fileRef = 005C845B1416980700B1ADDB /* CoreMedia.framework */; };
		005C85B71416B09D00B1ADDB /* OpenCV.framework in Frameworks */ = {isa = PBXBuildFile; fileRef = 005C85B61416B09D00B1ADDB /* OpenCV.framework */; };
		840B7F4314EE9F0B00BA1E2B /* BoardExtractor.mm in Sources */ = {isa = PBXBuildFile; fileRef = 840B7F4214EE9F0B00BA1E2B /* BoardExtractor.mm */; };
		840B7F4614F028C400BA1E2B /* PuzzleViewController.m in Sources */ = {isa = PBXBuildFile; fileRef = 840B7F4514F028C400BA1E2B /* PuzzleViewController.m */; };
		840B7F4E14F2B0EB00BA1E2B /* DataAppDataObject.m in Sources */ = {isa = PBXBuildFile; fileRef = 840B7F4D14F2B0EB00BA1E2B /* DataAppDataObject.m */; };
		840B7F5114F2B16000BA1E2B /* AppDataObject.m in Sources */ = {isa = PBXBuildFile; fileRef = 840B7F5014F2B16000BA1E2B /* AppDataObject.m */; };
		8423EFE814EDB88300B389BE /* PreviewViewController.mm in Sources */ = {isa = PBXBuildFile; fileRef = 8423EFE714EDB88200B389BE /* PreviewViewController.mm */; };
		843126A014A3C6D300104BD2 /* cvaux.cpp in Sources */ = {isa = PBXBuildFile; fileRef = 8431269914A3C6D300104BD2 /* cvaux.cpp */; };
		843126A114A3C6D300104BD2 /* cvblob.cpp in Sources */ = {isa = PBXBuildFile; fileRef = 8431269A14A3C6D300104BD2 /* cvblob.cpp */; };
		843126A214A3C6D300104BD2 /* cvcolor.cpp in Sources */ = {isa = PBXBuildFile; fileRef = 8431269C14A3C6D300104BD2 /* cvcolor.cpp */; };
		843126A314A3C6D300104BD2 /* cvcontour.cpp in Sources */ = {isa = PBXBuildFile; fileRef = 8431269D14A3C6D300104BD2 /* cvcontour.cpp */; };
		843126A414A3C6D300104BD2 /* cvlabel.cpp in Sources */ = {isa = PBXBuildFile; fileRef = 8431269E14A3C6D300104BD2 /* cvlabel.cpp */; };
		843126A514A3C6D300104BD2 /* cvtrack.cpp in Sources */ = {isa = PBXBuildFile; fileRef = 8431269F14A3C6D300104BD2 /* cvtrack.cpp */; };
		843126D814A51A2A00104BD2 /* liblept.a in Frameworks */ = {isa = PBXBuildFile; fileRef = 843126D614A51A2A00104BD2 /* liblept.a */; };
		843126D914A51A2A00104BD2 /* libtesseract_all.a in Frameworks */ = {isa = PBXBuildFile; fileRef = 843126D714A51A2A00104BD2 /* libtesseract_all.a */; };
		843126E614A52A7B00104BD2 /* tessdata in Resources */ = {isa = PBXBuildFile; fileRef = 843126E514A52A7A00104BD2 /* tessdata */; };
		8434A2F614ED553200D1A836 /* MainStoryboard.storyboard in Resources */ = {isa = PBXBuildFile; fileRef = 8434A2F514ED553100D1A836 /* MainStoryboard.storyboard */; };
		844212191455795600C13FC1 /* digitrecognizer.cpp in Sources */ = {isa = PBXBuildFile; fileRef = 844212171455795500C13FC1 /* digitrecognizer.cpp */; };
		84478A7E14ED59070065E665 /* MainViewDelegate.m in Sources */ = {isa = PBXBuildFile; fileRef = 84478A7D14ED59070065E665 /* MainViewDelegate.m */; };
		8453C10515128D1C005D3AF9 /* plusSign.png in Resources */ = {isa = PBXBuildFile; fileRef = 8453C10415128D1C005D3AF9 /* plusSign.png */; };
		8453C10815129043005D3AF9 /* mask.png in Resources */ = {isa = PBXBuildFile; fileRef = 8453C10715129043005D3AF9 /* mask.png */; };
		847CAA5114FA8D5E002A9D24 /* AQGridView.m in Sources */ = {isa = PBXBuildFile; fileRef = 847CAA3B14FA8D5E002A9D24 /* AQGridView.m */; };
		847CAA5214FA8D5E002A9D24 /* AQGridViewCell.m in Sources */ = {isa = PBXBuildFile; fileRef = 847CAA3F14FA8D5E002A9D24 /* AQGridViewCell.m */; };
		847CAA5314FA8D5E002A9D24 /* AQGridViewController.m in Sources */ = {isa = PBXBuildFile; fileRef = 847CAA4214FA8D5E002A9D24 /* AQGridViewController.m */; };
		847CAA5414FA8D5E002A9D24 /* AQGridViewData.m in Sources */ = {isa = PBXBuildFile; fileRef = 847CAA4414FA8D5E002A9D24 /* AQGridViewData.m */; };
		847CAA5514FA8D5E002A9D24 /* AQGridViewUpdateInfo.m in Sources */ = {isa = PBXBuildFile; fileRef = 847CAA4614FA8D5E002A9D24 /* AQGridViewUpdateInfo.m */; };
		847CAA5614FA8D5E002A9D24 /* AQGridViewUpdateItem.m in Sources */ = {isa = PBXBuildFile; fileRef = 847CAA4814FA8D5E002A9D24 /* AQGridViewUpdateItem.m */; };
		847CAA5714FA8D5E002A9D24 /* AQGridViewAnimatorItem.m in Sources */ = {isa = PBXBuildFile; fileRef = 847CAA4A14FA8D5E002A9D24 /* AQGridViewAnimatorItem.m */; };
		847CAA5814FA8D5E002A9D24 /* NSIndexSet+AQIsSetContiguous.m in Sources */ = {isa = PBXBuildFile; fileRef = 847CAA4C14FA8D5E002A9D24 /* NSIndexSet+AQIsSetContiguous.m */; };
		847CAA5914FA8D5E002A9D24 /* NSIndexSet+AQIndexesOutsideSet.m in Sources */ = {isa = PBXBuildFile; fileRef = 847CAA4E14FA8D5E002A9D24 /* NSIndexSet+AQIndexesOutsideSet.m */; };
		847CAA5A14FA8D5E002A9D24 /* UIColor+AQGridView.m in Sources */ = {isa = PBXBuildFile; fileRef = 847CAA5014FA8D5E002A9D24 /* UIColor+AQGridView.m */; };
		847CAA5C14FA9EB1002A9D24 /* QuartzCore.framework in Frameworks */ = {isa = PBXBuildFile; fileRef = 847CAA5B14FA9EB1002A9D24 /* QuartzCore.framework */; settings = {ATTRIBUTES = (Required, ); }; };
		847CAA661506B19B002A9D24 /* HitoriCell.m in Sources */ = {isa = PBXBuildFile; fileRef = 847CAA651506B19B002A9D24 /* HitoriCell.m */; };
		847CAA6A1506B1C9002A9D24 /* HitoriGrid.m in Sources */ = {isa = PBXBuildFile; fileRef = 847CAA691506B1C9002A9D24 /* HitoriGrid.m */; };
		847CAA6D15091237002A9D24 /* HitoriRules.m in Sources */ = {isa = PBXBuildFile; fileRef = 847CAA6C15091237002A9D24 /* HitoriRules.m */; };
		848B718615389CA1007E1036 /* ButtomLeft.png in Resources */ = {isa = PBXBuildFile; fileRef = 848B718215389CA1007E1036 /* ButtomLeft.png */; };
		848B718715389CA1007E1036 /* ButtomRight.png in Resources */ = {isa = PBXBuildFile; fileRef = 848B718315389CA1007E1036 /* ButtomRight.png */; };
		848B718815389CA1007E1036 /* TopLeft.png in Resources */ = {isa = PBXBuildFile; fileRef = 848B718415389CA1007E1036 /* TopLeft.png */; };
		848B718915389CA1007E1036 /* TopRight.png in Resources */ = {isa = PBXBuildFile; fileRef = 848B718515389CA1007E1036 /* TopRight.png */; };
		84CB19EF150A6FF600D762DB /* NSMutableArray+QueueAdditions.m in Sources */ = {isa = PBXBuildFile; fileRef = 84CB19EE150A6FF600D762DB /* NSMutableArray+QueueAdditions.m */; };
		84CB1A0A150A8A7800D762DB /* HitoriPoint.m in Sources */ = {isa = PBXBuildFile; fileRef = 84CB1A09150A8A7800D762DB /* HitoriPoint.m */; };
		84CB1A0E150BB54900D762DB /* MBProgressHUD.m in Sources */ = {isa = PBXBuildFile; fileRef = 84CB1A0D150BB54900D762DB /* MBProgressHUD.m */; };
		84CB1A11150C12C700D762DB /* iPhoneIcon_Medium.png in Resources */ = {isa = PBXBuildFile; fileRef = 84CB1A10150C12C500D762DB /* iPhoneIcon_Medium.png */; };
		84CB1A13150C148E00D762DB /* logo.png in Resources */ = {isa = PBXBuildFile; fileRef = 84CB1A12150C148D00D762DB /* logo.png */; };
		84CB1A15150C168E00D762DB /* newLogo.png in Resources */ = {isa = PBXBuildFile; fileRef = 84CB1A14150C168E00D762DB /* newLogo.png */; };
		84CB1A17150C16C300D762DB /* newSmall.png in Resources */ = {isa = PBXBuildFile; fileRef = 84CB1A16150C16C200D762DB /* newSmall.png */; };
		84CB1A1D150C1EA800D762DB /* HelpViewController.m in Sources */ = {isa = PBXBuildFile; fileRef = 84CB1A1C150C1EA800D762DB /* HelpViewController.m */; };
/* End PBXBuildFile section */

/* Begin PBXFileReference section */
		0013FA2014111D0E004DC957 /* HitoriGrab.app */ = {isa = PBXFileReference; explicitFileType = wrapper.application; includeInIndex = 0; path = HitoriGrab.app; sourceTree = BUILT_PRODUCTS_DIR; };
		0013FA2414111D0E004DC957 /* UIKit.framework */ = {isa = PBXFileReference; lastKnownFileType = wrapper.framework; name = UIKit.framework; path = System/Library/Frameworks/UIKit.framework; sourceTree = SDKROOT; };
		0013FA2614111D0E004DC957 /* Foundation.framework */ = {isa = PBXFileReference; lastKnownFileType = wrapper.framework; name = Foundation.framework; path = System/Library/Frameworks/Foundation.framework; sourceTree = SDKROOT; };
		0013FA2814111D0E004DC957 /* CoreGraphics.framework */ = {isa = PBXFileReference; lastKnownFileType = wrapper.framework; name = CoreGraphics.framework; path = System/Library/Frameworks/CoreGraphics.framework; sourceTree = SDKROOT; };
		0013FA2C14111D0F004DC957 /* HitoriGrab-Info.plist */ = {isa = PBXFileReference; lastKnownFileType = text.plist.xml; path = "HitoriGrab-Info.plist"; sourceTree = "<group>"; };
		0013FA2E14111D0F004DC957 /* en */ = {isa = PBXFileReference; lastKnownFileType = text.plist.strings; name = en; path = en.lproj/InfoPlist.strings; sourceTree = "<group>"; };
		0013FA3014111D0F004DC957 /* main.m */ = {isa = PBXFileReference; lastKnownFileType = sourcecode.c.objc; path = main.m; sourceTree = "<group>"; };
		0013FA3214111D0F004DC957 /* HitoriGrab-Prefix.pch */ = {isa = PBXFileReference; lastKnownFileType = sourcecode.c.h; path = "HitoriGrab-Prefix.pch"; sourceTree = "<group>"; };
		0013FA3314111D0F004DC957 /* OpenCVClientAppDelegate.h */ = {isa = PBXFileReference; lastKnownFileType = sourcecode.c.h; path = OpenCVClientAppDelegate.h; sourceTree = "<group>"; };
		0013FA3414111D0F004DC957 /* OpenCVClientAppDelegate.mm */ = {isa = PBXFileReference; lastKnownFileType = sourcecode.cpp.objcpp; path = OpenCVClientAppDelegate.mm; sourceTree = "<group>"; };
		0013FA3714111D0F004DC957 /* en */ = {isa = PBXFileReference; lastKnownFileType = file.xib; name = en; path = en.lproj/MainWindow.xib; sourceTree = "<group>"; };
		0013FA3914111D0F004DC957 /* OpenCVClientViewController.h */ = {isa = PBXFileReference; lastKnownFileType = sourcecode.c.h; path = OpenCVClientViewController.h; sourceTree = "<group>"; };
		0013FA3A14111D0F004DC957 /* OpenCVClientViewController.mm */ = {isa = PBXFileReference; lastKnownFileType = sourcecode.cpp.objcpp; path = OpenCVClientViewController.mm; sourceTree = "<group>"; };
		0013FA3D14111D0F004DC957 /* en */ = {isa = PBXFileReference; lastKnownFileType = file.xib; name = en; path = en.lproj/OpenCVClientViewController.xib; sourceTree = "<group>"; };
		0013FA4614111D6A004DC957 /* UIImage+OpenCV.h */ = {isa = PBXFileReference; fileEncoding = 4; lastKnownFileType = sourcecode.c.h; path = "UIImage+OpenCV.h"; sourceTree = "<group>"; };
		0013FA4714111D6A004DC957 /* UIImage+OpenCV.mm */ = {isa = PBXFileReference; fileEncoding = 4; lastKnownFileType = sourcecode.cpp.objcpp; path = "UIImage+OpenCV.mm"; sourceTree = "<group>"; };
		005C83F31411413700B1ADDB /* libz.dylib */ = {isa = PBXFileReference; lastKnownFileType = "compiled.mach-o.dylib"; name = libz.dylib; path = usr/lib/libz.dylib; sourceTree = SDKROOT; };
		005C83F51411414700B1ADDB /* ImageIO.framework */ = {isa = PBXFileReference; lastKnownFileType = wrapper.framework; name = ImageIO.framework; path = System/Library/Frameworks/ImageIO.framework; sourceTree = SDKROOT; };
		005C8457141697CC00B1ADDB /* AVFoundation.framework */ = {isa = PBXFileReference; lastKnownFileType = wrapper.framework; name = AVFoundation.framework; path = System/Library/Frameworks/AVFoundation.framework; sourceTree = SDKROOT; };
		005C8459141697EF00B1ADDB /* CoreVideo.framework */ = {isa = PBXFileReference; lastKnownFileType = wrapper.framework; name = CoreVideo.framework; path = System/Library/Frameworks/CoreVideo.framework; sourceTree = SDKROOT; };
		005C845B1416980700B1ADDB /* CoreMedia.framework */ = {isa = PBXFileReference; lastKnownFileType = wrapper.framework; name = CoreMedia.framework; path = System/Library/Frameworks/CoreMedia.framework; sourceTree = SDKROOT; };
		005C85B61416B09D00B1ADDB /* OpenCV.framework */ = {isa = PBXFileReference; lastKnownFileType = wrapper.framework; path = OpenCV.framework; sourceTree = "<group>"; };
		00FDD98E1435E549008F8ECE /* README.markdown */ = {isa = PBXFileReference; fileEncoding = 4; lastKnownFileType = text; path = README.markdown; sourceTree = "<group>"; };
		840B7F4114EE9F0B00BA1E2B /* BoardExtractor.h */ = {isa = PBXFileReference; fileEncoding = 4; lastKnownFileType = sourcecode.c.h; path = BoardExtractor.h; sourceTree = "<group>"; };
		840B7F4214EE9F0B00BA1E2B /* BoardExtractor.mm */ = {isa = PBXFileReference; fileEncoding = 4; lastKnownFileType = sourcecode.cpp.objcpp; path = BoardExtractor.mm; sourceTree = "<group>"; };
		840B7F4414F028C400BA1E2B /* PuzzleViewController.h */ = {isa = PBXFileReference; fileEncoding = 4; lastKnownFileType = sourcecode.c.h; path = PuzzleViewController.h; sourceTree = "<group>"; };
		840B7F4514F028C400BA1E2B /* PuzzleViewController.m */ = {isa = PBXFileReference; fileEncoding = 4; lastKnownFileType = sourcecode.c.objc; path = PuzzleViewController.m; sourceTree = "<group>"; };
		840B7F4B14F2AE9E00BA1E2B /* AppDelegateProtocol.h */ = {isa = PBXFileReference; fileEncoding = 4; lastKnownFileType = sourcecode.c.h; path = AppDelegateProtocol.h; sourceTree = "<group>"; };
		840B7F4C14F2B0EB00BA1E2B /* DataAppDataObject.h */ = {isa = PBXFileReference; fileEncoding = 4; lastKnownFileType = sourcecode.c.h; path = DataAppDataObject.h; sourceTree = "<group>"; };
		840B7F4D14F2B0EB00BA1E2B /* DataAppDataObject.m */ = {isa = PBXFileReference; fileEncoding = 4; lastKnownFileType = sourcecode.c.objc; path = DataAppDataObject.m; sourceTree = "<group>"; };
		840B7F4F14F2B16000BA1E2B /* AppDataObject.h */ = {isa = PBXFileReference; fileEncoding = 4; lastKnownFileType = sourcecode.c.h; path = AppDataObject.h; sourceTree = "<group>"; };
		840B7F5014F2B16000BA1E2B /* AppDataObject.m */ = {isa = PBXFileReference; fileEncoding = 4; lastKnownFileType = sourcecode.c.objc; path = AppDataObject.m; sourceTree = "<group>"; };
		8423EFE614EDB88200B389BE /* PreviewViewController.h */ = {isa = PBXFileReference; fileEncoding = 4; lastKnownFileType = sourcecode.c.h; path = PreviewViewController.h; sourceTree = "<group>"; };
		8423EFE714EDB88200B389BE /* PreviewViewController.mm */ = {isa = PBXFileReference; fileEncoding = 4; lastKnownFileType = sourcecode.cpp.objcpp; path = PreviewViewController.mm; sourceTree = "<group>"; };
		8431269914A3C6D300104BD2 /* cvaux.cpp */ = {isa = PBXFileReference; fileEncoding = 4; lastKnownFileType = sourcecode.cpp.cpp; path = cvaux.cpp; sourceTree = "<group>"; };
		8431269A14A3C6D300104BD2 /* cvblob.cpp */ = {isa = PBXFileReference; fileEncoding = 4; lastKnownFileType = sourcecode.cpp.cpp; path = cvblob.cpp; sourceTree = "<group>"; };
		8431269B14A3C6D300104BD2 /* cvblob.h */ = {isa = PBXFileReference; fileEncoding = 4; lastKnownFileType = sourcecode.c.h; path = cvblob.h; sourceTree = "<group>"; };
		8431269C14A3C6D300104BD2 /* cvcolor.cpp */ = {isa = PBXFileReference; fileEncoding = 4; lastKnownFileType = sourcecode.cpp.cpp; path = cvcolor.cpp; sourceTree = "<group>"; };
		8431269D14A3C6D300104BD2 /* cvcontour.cpp */ = {isa = PBXFileReference; fileEncoding = 4; lastKnownFileType = sourcecode.cpp.cpp; path = cvcontour.cpp; sourceTree = "<group>"; };
		8431269E14A3C6D300104BD2 /* cvlabel.cpp */ = {isa = PBXFileReference; fileEncoding = 4; lastKnownFileType = sourcecode.cpp.cpp; path = cvlabel.cpp; sourceTree = "<group>"; };
		8431269F14A3C6D300104BD2 /* cvtrack.cpp */ = {isa = PBXFileReference; fileEncoding = 4; lastKnownFileType = sourcecode.cpp.cpp; path = cvtrack.cpp; sourceTree = "<group>"; };
		843126AB14A51A2A00104BD2 /* allheaders.h */ = {isa = PBXFileReference; fileEncoding = 4; lastKnownFileType = sourcecode.c.h; path = allheaders.h; sourceTree = "<group>"; };
		843126AC14A51A2A00104BD2 /* alltypes.h */ = {isa = PBXFileReference; fileEncoding = 4; lastKnownFileType = sourcecode.c.h; path = alltypes.h; sourceTree = "<group>"; };
		843126AD14A51A2A00104BD2 /* array.h */ = {isa = PBXFileReference; fileEncoding = 4; lastKnownFileType = sourcecode.c.h; path = array.h; sourceTree = "<group>"; };
		843126AE14A51A2A00104BD2 /* arrayaccess.h */ = {isa = PBXFileReference; fileEncoding = 4; lastKnownFileType = sourcecode.c.h; path = arrayaccess.h; sourceTree = "<group>"; };
		843126AF14A51A2A00104BD2 /* bbuffer.h */ = {isa = PBXFileReference; fileEncoding = 4; lastKnownFileType = sourcecode.c.h; path = bbuffer.h; sourceTree = "<group>"; };
		843126B014A51A2A00104BD2 /* bmf.h */ = {isa = PBXFileReference; fileEncoding = 4; lastKnownFileType = sourcecode.c.h; path = bmf.h; sourceTree = "<group>"; };
		843126B114A51A2A00104BD2 /* bmp.h */ = {isa = PBXFileReference; fileEncoding = 4; lastKnownFileType = sourcecode.c.h; path = bmp.h; sourceTree = "<group>"; };
		843126B214A51A2A00104BD2 /* ccbord.h */ = {isa = PBXFileReference; fileEncoding = 4; lastKnownFileType = sourcecode.c.h; path = ccbord.h; sourceTree = "<group>"; };
		843126B314A51A2A00104BD2 /* dewarp.h */ = {isa = PBXFileReference; fileEncoding = 4; lastKnownFileType = sourcecode.c.h; path = dewarp.h; sourceTree = "<group>"; };
		843126B414A51A2A00104BD2 /* endianness.h */ = {isa = PBXFileReference; fileEncoding = 4; lastKnownFileType = sourcecode.c.h; path = endianness.h; sourceTree = "<group>"; };
		843126B514A51A2A00104BD2 /* environ.h */ = {isa = PBXFileReference; fileEncoding = 4; lastKnownFileType = sourcecode.c.h; path = environ.h; sourceTree = "<group>"; };
		843126B614A51A2A00104BD2 /* freetype.h */ = {isa = PBXFileReference; fileEncoding = 4; lastKnownFileType = sourcecode.c.h; path = freetype.h; sourceTree = "<group>"; };
		843126B714A51A2A00104BD2 /* gplot.h */ = {isa = PBXFileReference; fileEncoding = 4; lastKnownFileType = sourcecode.c.h; path = gplot.h; sourceTree = "<group>"; };
		843126B814A51A2A00104BD2 /* heap.h */ = {isa = PBXFileReference; fileEncoding = 4; lastKnownFileType = sourcecode.c.h; path = heap.h; sourceTree = "<group>"; };
		843126B914A51A2A00104BD2 /* imageio.h */ = {isa = PBXFileReference; fileEncoding = 4; lastKnownFileType = sourcecode.c.h; path = imageio.h; sourceTree = "<group>"; };
		843126BA14A51A2A00104BD2 /* jbclass.h */ = {isa = PBXFileReference; fileEncoding = 4; lastKnownFileType = sourcecode.c.h; path = jbclass.h; sourceTree = "<group>"; };
		843126BB14A51A2A00104BD2 /* leptprotos.h */ = {isa = PBXFileReference; fileEncoding = 4; lastKnownFileType = sourcecode.c.h; path = leptprotos.h; sourceTree = "<group>"; };
		843126BC14A51A2A00104BD2 /* leptwin.h */ = {isa = PBXFileReference; fileEncoding = 4; lastKnownFileType = sourcecode.c.h; path = leptwin.h; sourceTree = "<group>"; };
		843126BD14A51A2A00104BD2 /* list.h */ = {isa = PBXFileReference; fileEncoding = 4; lastKnownFileType = sourcecode.c.h; path = list.h; sourceTree = "<group>"; };
		843126BE14A51A2A00104BD2 /* morph.h */ = {isa = PBXFileReference; fileEncoding = 4; lastKnownFileType = sourcecode.c.h; path = morph.h; sourceTree = "<group>"; };
		843126BF14A51A2A00104BD2 /* pix.h */ = {isa = PBXFileReference; fileEncoding = 4; lastKnownFileType = sourcecode.c.h; path = pix.h; sourceTree = "<group>"; };
		843126C014A51A2A00104BD2 /* ptra.h */ = {isa = PBXFileReference; fileEncoding = 4; lastKnownFileType = sourcecode.c.h; path = ptra.h; sourceTree = "<group>"; };
		843126C114A51A2A00104BD2 /* queue.h */ = {isa = PBXFileReference; fileEncoding = 4; lastKnownFileType = sourcecode.c.h; path = queue.h; sourceTree = "<group>"; };
		843126C214A51A2A00104BD2 /* readbarcode.h */ = {isa = PBXFileReference; fileEncoding = 4; lastKnownFileType = sourcecode.c.h; path = readbarcode.h; sourceTree = "<group>"; };
		843126C314A51A2A00104BD2 /* regutils.h */ = {isa = PBXFileReference; fileEncoding = 4; lastKnownFileType = sourcecode.c.h; path = regutils.h; sourceTree = "<group>"; };
		843126C414A51A2A00104BD2 /* stack.h */ = {isa = PBXFileReference; fileEncoding = 4; lastKnownFileType = sourcecode.c.h; path = stack.h; sourceTree = "<group>"; };
		843126C514A51A2A00104BD2 /* sudoku.h */ = {isa = PBXFileReference; fileEncoding = 4; lastKnownFileType = sourcecode.c.h; path = sudoku.h; sourceTree = "<group>"; };
		843126C614A51A2A00104BD2 /* watershed.h */ = {isa = PBXFileReference; fileEncoding = 4; lastKnownFileType = sourcecode.c.h; path = watershed.h; sourceTree = "<group>"; };
		843126C814A51A2A00104BD2 /* apitypes.h */ = {isa = PBXFileReference; fileEncoding = 4; lastKnownFileType = sourcecode.c.h; path = apitypes.h; sourceTree = "<group>"; };
		843126C914A51A2A00104BD2 /* baseapi.h */ = {isa = PBXFileReference; fileEncoding = 4; lastKnownFileType = sourcecode.c.h; path = baseapi.h; sourceTree = "<group>"; };
		843126CA14A51A2A00104BD2 /* errcode.h */ = {isa = PBXFileReference; fileEncoding = 4; lastKnownFileType = sourcecode.c.h; path = errcode.h; sourceTree = "<group>"; };
		843126CB14A51A2A00104BD2 /* genericvector.h */ = {isa = PBXFileReference; fileEncoding = 4; lastKnownFileType = sourcecode.c.h; path = genericvector.h; sourceTree = "<group>"; };
		843126CC14A51A2A00104BD2 /* helpers.h */ = {isa = PBXFileReference; fileEncoding = 4; lastKnownFileType = sourcecode.c.h; path = helpers.h; sourceTree = "<group>"; };
		843126CD14A51A2A00104BD2 /* host.h */ = {isa = PBXFileReference; fileEncoding = 4; lastKnownFileType = sourcecode.c.h; path = host.h; sourceTree = "<group>"; };
		843126CE14A51A2A00104BD2 /* ndminx.h */ = {isa = PBXFileReference; fileEncoding = 4; lastKnownFileType = sourcecode.c.h; path = ndminx.h; sourceTree = "<group>"; };
		843126CF14A51A2A00104BD2 /* ocrclass.h */ = {isa = PBXFileReference; fileEncoding = 4; lastKnownFileType = sourcecode.c.h; path = ocrclass.h; sourceTree = "<group>"; };
		843126D014A51A2A00104BD2 /* platform.h */ = {isa = PBXFileReference; fileEncoding = 4; lastKnownFileType = sourcecode.c.h; path = platform.h; sourceTree = "<group>"; };
		843126D114A51A2A00104BD2 /* publictypes.h */ = {isa = PBXFileReference; fileEncoding = 4; lastKnownFileType = sourcecode.c.h; path = publictypes.h; sourceTree = "<group>"; };
		843126D214A51A2A00104BD2 /* tesscallback.h */ = {isa = PBXFileReference; fileEncoding = 4; lastKnownFileType = sourcecode.c.h; path = tesscallback.h; sourceTree = "<group>"; };
		843126D314A51A2A00104BD2 /* thresholder.h */ = {isa = PBXFileReference; fileEncoding = 4; lastKnownFileType = sourcecode.c.h; path = thresholder.h; sourceTree = "<group>"; };
		843126D414A51A2A00104BD2 /* unichar.h */ = {isa = PBXFileReference; fileEncoding = 4; lastKnownFileType = sourcecode.c.h; path = unichar.h; sourceTree = "<group>"; };
		843126D614A51A2A00104BD2 /* liblept.a */ = {isa = PBXFileReference; lastKnownFileType = archive.ar; path = liblept.a; sourceTree = "<group>"; };
		843126D714A51A2A00104BD2 /* libtesseract_all.a */ = {isa = PBXFileReference; lastKnownFileType = archive.ar; path = libtesseract_all.a; sourceTree = "<group>"; };
		843126E514A52A7A00104BD2 /* tessdata */ = {isa = PBXFileReference; lastKnownFileType = folder; path = tessdata; sourceTree = "<group>"; };
		8434A2F514ED553100D1A836 /* MainStoryboard.storyboard */ = {isa = PBXFileReference; fileEncoding = 4; lastKnownFileType = file.storyboard; name = MainStoryboard.storyboard; path = ../MainStoryboard.storyboard; sourceTree = "<group>"; };
		844212171455795500C13FC1 /* digitrecognizer.cpp */ = {isa = PBXFileReference; fileEncoding = 4; lastKnownFileType = sourcecode.cpp.cpp; path = digitrecognizer.cpp; sourceTree = "<group>"; };
		844212181455795600C13FC1 /* digitrecognizer.h */ = {isa = PBXFileReference; fileEncoding = 4; lastKnownFileType = sourcecode.c.h; path = digitrecognizer.h; sourceTree = "<group>"; };
		8443FF18150C3E5D00082C35 /* HitoriGrab.entitlements */ = {isa = PBXFileReference; lastKnownFileType = text.xml; path = HitoriGrab.entitlements; sourceTree = SOURCE_ROOT; };
		84478A7C14ED59070065E665 /* MainViewDelegate.h */ = {isa = PBXFileReference; fileEncoding = 4; lastKnownFileType = sourcecode.c.h; path = MainViewDelegate.h; sourceTree = "<group>"; };
		84478A7D14ED59070065E665 /* MainViewDelegate.m */ = {isa = PBXFileReference; fileEncoding = 4; lastKnownFileType = sourcecode.c.objc; path = MainViewDelegate.m; sourceTree = "<group>"; };
		8453C10415128D1C005D3AF9 /* plusSign.png */ = {isa = PBXFileReference; lastKnownFileType = image.png; path = plusSign.png; sourceTree = "<group>"; };
		8453C10715129043005D3AF9 /* mask.png */ = {isa = PBXFileReference; lastKnownFileType = image.png; path = mask.png; sourceTree = "<group>"; };
		847CAA3A14FA8D5E002A9D24 /* AQGridView.h */ = {isa = PBXFileReference; fileEncoding = 4; lastKnownFileType = sourcecode.c.h; path = AQGridView.h; sourceTree = "<group>"; };
		847CAA3B14FA8D5E002A9D24 /* AQGridView.m */ = {isa = PBXFileReference; fileEncoding = 4; lastKnownFileType = sourcecode.c.objc; path = AQGridView.m; sourceTree = "<group>"; };
		847CAA3C14FA8D5E002A9D24 /* AQGridView+CellLayout.h */ = {isa = PBXFileReference; fileEncoding = 4; lastKnownFileType = sourcecode.c.h; path = "AQGridView+CellLayout.h"; sourceTree = "<group>"; };
		847CAA3D14FA8D5E002A9D24 /* AQGridView+CellLocationDelegation.h */ = {isa = PBXFileReference; fileEncoding = 4; lastKnownFileType = sourcecode.c.h; path = "AQGridView+CellLocationDelegation.h"; sourceTree = "<group>"; };
		847CAA3E14FA8D5E002A9D24 /* AQGridViewCell.h */ = {isa = PBXFileReference; fileEncoding = 4; lastKnownFileType = sourcecode.c.h; path = AQGridViewCell.h; sourceTree = "<group>"; };
		847CAA3F14FA8D5E002A9D24 /* AQGridViewCell.m */ = {isa = PBXFileReference; fileEncoding = 4; lastKnownFileType = sourcecode.c.objc; path = AQGridViewCell.m; sourceTree = "<group>"; };
		847CAA4014FA8D5E002A9D24 /* AQGridViewCell+AQGridViewCellPrivate.h */ = {isa = PBXFileReference; fileEncoding = 4; lastKnownFileType = sourcecode.c.h; path = "AQGridViewCell+AQGridViewCellPrivate.h"; sourceTree = "<group>"; };
		847CAA4114FA8D5E002A9D24 /* AQGridViewController.h */ = {isa = PBXFileReference; fileEncoding = 4; lastKnownFileType = sourcecode.c.h; path = AQGridViewController.h; sourceTree = "<group>"; };
		847CAA4214FA8D5E002A9D24 /* AQGridViewController.m */ = {isa = PBXFileReference; fileEncoding = 4; lastKnownFileType = sourcecode.c.objc; path = AQGridViewController.m; sourceTree = "<group>"; };
		847CAA4314FA8D5E002A9D24 /* AQGridViewData.h */ = {isa = PBXFileReference; fileEncoding = 4; lastKnownFileType = sourcecode.c.h; path = AQGridViewData.h; sourceTree = "<group>"; };
		847CAA4414FA8D5E002A9D24 /* AQGridViewData.m */ = {isa = PBXFileReference; fileEncoding = 4; lastKnownFileType = sourcecode.c.objc; path = AQGridViewData.m; sourceTree = "<group>"; };
		847CAA4514FA8D5E002A9D24 /* AQGridViewUpdateInfo.h */ = {isa = PBXFileReference; fileEncoding = 4; lastKnownFileType = sourcecode.c.h; path = AQGridViewUpdateInfo.h; sourceTree = "<group>"; };
		847CAA4614FA8D5E002A9D24 /* AQGridViewUpdateInfo.m */ = {isa = PBXFileReference; fileEncoding = 4; lastKnownFileType = sourcecode.c.objc; path = AQGridViewUpdateInfo.m; sourceTree = "<group>"; };
		847CAA4714FA8D5E002A9D24 /* AQGridViewUpdateItem.h */ = {isa = PBXFileReference; fileEncoding = 4; lastKnownFileType = sourcecode.c.h; path = AQGridViewUpdateItem.h; sourceTree = "<group>"; };
		847CAA4814FA8D5E002A9D24 /* AQGridViewUpdateItem.m */ = {isa = PBXFileReference; fileEncoding = 4; lastKnownFileType = sourcecode.c.objc; path = AQGridViewUpdateItem.m; sourceTree = "<group>"; };
		847CAA4914FA8D5E002A9D24 /* AQGridViewAnimatorItem.h */ = {isa = PBXFileReference; fileEncoding = 4; lastKnownFileType = sourcecode.c.h; path = AQGridViewAnimatorItem.h; sourceTree = "<group>"; };
		847CAA4A14FA8D5E002A9D24 /* AQGridViewAnimatorItem.m */ = {isa = PBXFileReference; fileEncoding = 4; lastKnownFileType = sourcecode.c.objc; path = AQGridViewAnimatorItem.m; sourceTree = "<group>"; };
		847CAA4B14FA8D5E002A9D24 /* NSIndexSet+AQIsSetContiguous.h */ = {isa = PBXFileReference; fileEncoding = 4; lastKnownFileType = sourcecode.c.h; path = "NSIndexSet+AQIsSetContiguous.h"; sourceTree = "<group>"; };
		847CAA4C14FA8D5E002A9D24 /* NSIndexSet+AQIsSetContiguous.m */ = {isa = PBXFileReference; fileEncoding = 4; lastKnownFileType = sourcecode.c.objc; path = "NSIndexSet+AQIsSetContiguous.m"; sourceTree = "<group>"; };
		847CAA4D14FA8D5E002A9D24 /* NSIndexSet+AQIndexesOutsideSet.h */ = {isa = PBXFileReference; fileEncoding = 4; lastKnownFileType = sourcecode.c.h; path = "NSIndexSet+AQIndexesOutsideSet.h"; sourceTree = "<group>"; };
		847CAA4E14FA8D5E002A9D24 /* NSIndexSet+AQIndexesOutsideSet.m */ = {isa = PBXFileReference; fileEncoding = 4; lastKnownFileType = sourcecode.c.objc; path = "NSIndexSet+AQIndexesOutsideSet.m"; sourceTree = "<group>"; };
		847CAA4F14FA8D5E002A9D24 /* UIColor+AQGridView.h */ = {isa = PBXFileReference; fileEncoding = 4; lastKnownFileType = sourcecode.c.h; path = "UIColor+AQGridView.h"; sourceTree = "<group>"; };
		847CAA5014FA8D5E002A9D24 /* UIColor+AQGridView.m */ = {isa = PBXFileReference; fileEncoding = 4; lastKnownFileType = sourcecode.c.objc; path = "UIColor+AQGridView.m"; sourceTree = "<group>"; };
		847CAA5B14FA9EB1002A9D24 /* QuartzCore.framework */ = {isa = PBXFileReference; lastKnownFileType = wrapper.framework; name = QuartzCore.framework; path = System/Library/Frameworks/QuartzCore.framework; sourceTree = SDKROOT; };
		847CAA641506B19B002A9D24 /* HitoriCell.h */ = {isa = PBXFileReference; fileEncoding = 4; lastKnownFileType = sourcecode.c.h; path = HitoriCell.h; sourceTree = "<group>"; };
		847CAA651506B19B002A9D24 /* HitoriCell.m */ = {isa = PBXFileReference; fileEncoding = 4; lastKnownFileType = sourcecode.c.objc; path = HitoriCell.m; sourceTree = "<group>"; };
		847CAA681506B1C9002A9D24 /* HitoriGrid.h */ = {isa = PBXFileReference; fileEncoding = 4; lastKnownFileType = sourcecode.c.h; path = HitoriGrid.h; sourceTree = "<group>"; };
		847CAA691506B1C9002A9D24 /* HitoriGrid.m */ = {isa = PBXFileReference; fileEncoding = 4; lastKnownFileType = sourcecode.c.objc; path = HitoriGrid.m; sourceTree = "<group>"; };
		847CAA6B15091236002A9D24 /* HitoriRules.h */ = {isa = PBXFileReference; fileEncoding = 4; lastKnownFileType = sourcecode.c.h; path = HitoriRules.h; sourceTree = "<group>"; };
		847CAA6C15091237002A9D24 /* HitoriRules.m */ = {isa = PBXFileReference; fileEncoding = 4; lastKnownFileType = sourcecode.c.objc; path = HitoriRules.m; sourceTree = "<group>"; };
		848B718215389CA1007E1036 /* ButtomLeft.png */ = {isa = PBXFileReference; lastKnownFileType = image.png; path = ButtomLeft.png; sourceTree = "<group>"; };
		848B718315389CA1007E1036 /* ButtomRight.png */ = {isa = PBXFileReference; lastKnownFileType = image.png; path = ButtomRight.png; sourceTree = "<group>"; };
		848B718415389CA1007E1036 /* TopLeft.png */ = {isa = PBXFileReference; lastKnownFileType = image.png; path = TopLeft.png; sourceTree = "<group>"; };
		848B718515389CA1007E1036 /* TopRight.png */ = {isa = PBXFileReference; lastKnownFileType = image.png; path = TopRight.png; sourceTree = "<group>"; };
		84CB19ED150A6FF600D762DB /* NSMutableArray+QueueAdditions.h */ = {isa = PBXFileReference; fileEncoding = 4; lastKnownFileType = sourcecode.c.h; path = "NSMutableArray+QueueAdditions.h"; sourceTree = "<group>"; };
		84CB19EE150A6FF600D762DB /* NSMutableArray+QueueAdditions.m */ = {isa = PBXFileReference; fileEncoding = 4; lastKnownFileType = sourcecode.c.objc; path = "NSMutableArray+QueueAdditions.m"; sourceTree = "<group>"; };
		84CB1A08150A8A7800D762DB /* HitoriPoint.h */ = {isa = PBXFileReference; fileEncoding = 4; lastKnownFileType = sourcecode.c.h; path = HitoriPoint.h; sourceTree = "<group>"; };
		84CB1A09150A8A7800D762DB /* HitoriPoint.m */ = {isa = PBXFileReference; fileEncoding = 4; lastKnownFileType = sourcecode.c.objc; path = HitoriPoint.m; sourceTree = "<group>"; };
		84CB1A0C150BB54900D762DB /* MBProgressHUD.h */ = {isa = PBXFileReference; fileEncoding = 4; lastKnownFileType = sourcecode.c.h; path = MBProgressHUD.h; sourceTree = "<group>"; };
		84CB1A0D150BB54900D762DB /* MBProgressHUD.m */ = {isa = PBXFileReference; fileEncoding = 4; lastKnownFileType = sourcecode.c.objc; path = MBProgressHUD.m; sourceTree = "<group>"; };
		84CB1A10150C12C500D762DB /* iPhoneIcon_Medium.png */ = {isa = PBXFileReference; lastKnownFileType = image.png; path = iPhoneIcon_Medium.png; sourceTree = "<group>"; };
		84CB1A12150C148D00D762DB /* logo.png */ = {isa = PBXFileReference; lastKnownFileType = image.png; path = logo.png; sourceTree = "<group>"; };
		84CB1A14150C168E00D762DB /* newLogo.png */ = {isa = PBXFileReference; lastKnownFileType = image.png; path = newLogo.png; sourceTree = "<group>"; };
		84CB1A16150C16C200D762DB /* newSmall.png */ = {isa = PBXFileReference; lastKnownFileType = image.png; path = newSmall.png; sourceTree = "<group>"; };
		84CB1A1B150C1EA800D762DB /* HelpViewController.h */ = {isa = PBXFileReference; fileEncoding = 4; lastKnownFileType = sourcecode.c.h; path = HelpViewController.h; sourceTree = "<group>"; };
		84CB1A1C150C1EA800D762DB /* HelpViewController.m */ = {isa = PBXFileReference; fileEncoding = 4; lastKnownFileType = sourcecode.c.objc; path = HelpViewController.m; sourceTree = "<group>"; };
/* End PBXFileReference section */

/* Begin PBXFrameworksBuildPhase section */
		0013FA1D14111D0E004DC957 /* Frameworks */ = {
			isa = PBXFrameworksBuildPhase;
			buildActionMask = 2147483647;
			files = (
				847CAA5C14FA9EB1002A9D24 /* QuartzCore.framework in Frameworks */,
				005C845C1416980700B1ADDB /* CoreMedia.framework in Frameworks */,
				005C845A141697EF00B1ADDB /* CoreVideo.framework in Frameworks */,
				005C8458141697CC00B1ADDB /* AVFoundation.framework in Frameworks */,
				005C83F61411414700B1ADDB /* ImageIO.framework in Frameworks */,
				0013FA2514111D0E004DC957 /* UIKit.framework in Frameworks */,
				0013FA2714111D0E004DC957 /* Foundation.framework in Frameworks */,
				0013FA2914111D0E004DC957 /* CoreGraphics.framework in Frameworks */,
				005C85B71416B09D00B1ADDB /* OpenCV.framework in Frameworks */,
				005C83F41411413800B1ADDB /* libz.dylib in Frameworks */,
				843126D814A51A2A00104BD2 /* liblept.a in Frameworks */,
				843126D914A51A2A00104BD2 /* libtesseract_all.a in Frameworks */,
			);
			runOnlyForDeploymentPostprocessing = 0;
		};
/* End PBXFrameworksBuildPhase section */

/* Begin PBXGroup section */
		0013FA1514111D0E004DC957 = {
			isa = PBXGroup;
			children = (
				848B718115389C7F007E1036 /* Graphics */,
				84CB1A16150C16C200D762DB /* newSmall.png */,
				84CB1A14150C168E00D762DB /* newLogo.png */,
				84CB1A12150C148D00D762DB /* logo.png */,
				84CB1A10150C12C500D762DB /* iPhoneIcon_Medium.png */,
				84CB1A0B150BB51A00D762DB /* MBProgressHUD */,
				847CAA3814FA8D23002A9D24 /* GridView */,
				00FDD98E1435E549008F8ECE /* README.markdown */,
				8453C10415128D1C005D3AF9 /* plusSign.png */,
				8453C10715129043005D3AF9 /* mask.png */,
				8431267514A3985300104BD2 /* cvBlob */,
				843126E514A52A7A00104BD2 /* tessdata */,
				843126A814A51A2A00104BD2 /* dependencies */,
				840B7F3E14EE9EB900BA1E2B /* Grid */,
				8434A2E514ED2AC000D1A836 /* Hitori */,
				0013FA4D14112999004DC957 /* Images */,
				0013FA2A14111D0F004DC957 /* HitoriGrab */,
				0013FA2314111D0E004DC957 /* Frameworks */,
				0013FA2114111D0E004DC957 /* Products */,
			);
			sourceTree = "<group>";
		};
		0013FA2114111D0E004DC957 /* Products */ = {
			isa = PBXGroup;
			children = (
				0013FA2014111D0E004DC957 /* HitoriGrab.app */,
			);
			name = Products;
			sourceTree = "<group>";
		};
		0013FA2314111D0E004DC957 /* Frameworks */ = {
			isa = PBXGroup;
			children = (
				847CAA5B14FA9EB1002A9D24 /* QuartzCore.framework */,
				005C85B61416B09D00B1ADDB /* OpenCV.framework */,
				005C8459141697EF00B1ADDB /* CoreVideo.framework */,
				005C845B1416980700B1ADDB /* CoreMedia.framework */,
				005C8457141697CC00B1ADDB /* AVFoundation.framework */,
				005C83F51411414700B1ADDB /* ImageIO.framework */,
				0013FA2414111D0E004DC957 /* UIKit.framework */,
				0013FA2614111D0E004DC957 /* Foundation.framework */,
				0013FA2814111D0E004DC957 /* CoreGraphics.framework */,
				005C83F31411413700B1ADDB /* libz.dylib */,
			);
			name = Frameworks;
			sourceTree = "<group>";
		};
		0013FA2A14111D0F004DC957 /* HitoriGrab */ = {
			isa = PBXGroup;
			children = (
				8443FF18150C3E5D00082C35 /* HitoriGrab.entitlements */,
				840B7F4B14F2AE9E00BA1E2B /* AppDelegateProtocol.h */,
				84478A7C14ED59070065E665 /* MainViewDelegate.h */,
				84478A7D14ED59070065E665 /* MainViewDelegate.m */,
				844212171455795500C13FC1 /* digitrecognizer.cpp */,
				844212181455795600C13FC1 /* digitrecognizer.h */,
				0013FA3314111D0F004DC957 /* OpenCVClientAppDelegate.h */,
				0013FA3414111D0F004DC957 /* OpenCVClientAppDelegate.mm */,
				0013FA3614111D0F004DC957 /* MainWindow.xib */,
				0013FA3914111D0F004DC957 /* OpenCVClientViewController.h */,
				0013FA3A14111D0F004DC957 /* OpenCVClientViewController.mm */,
				0013FA3C14111D0F004DC957 /* OpenCVClientViewController.xib */,
				840B7F4C14F2B0EB00BA1E2B /* DataAppDataObject.h */,
				840B7F4D14F2B0EB00BA1E2B /* DataAppDataObject.m */,
				840B7F4F14F2B16000BA1E2B /* AppDataObject.h */,
				840B7F5014F2B16000BA1E2B /* AppDataObject.m */,
				0013FA2B14111D0F004DC957 /* Supporting Files */,
				0013FA4614111D6A004DC957 /* UIImage+OpenCV.h */,
				0013FA4714111D6A004DC957 /* UIImage+OpenCV.mm */,
				84478A8214ED5A800065E665 /* UI */,
			);
			name = HitoriGrab;
			path = OpenCVClient;
			sourceTree = "<group>";
		};
		0013FA2B14111D0F004DC957 /* Supporting Files */ = {
			isa = PBXGroup;
			children = (
				0013FA2C14111D0F004DC957 /* HitoriGrab-Info.plist */,
				0013FA2D14111D0F004DC957 /* InfoPlist.strings */,
				0013FA3014111D0F004DC957 /* main.m */,
				0013FA3214111D0F004DC957 /* HitoriGrab-Prefix.pch */,
			);
			name = "Supporting Files";
			sourceTree = "<group>";
		};
		0013FA4D14112999004DC957 /* Images */ = {
			isa = PBXGroup;
			children = (
			);
			name = Images;
			sourceTree = "<group>";
		};
		840B7F3E14EE9EB900BA1E2B /* Grid */ = {
			isa = PBXGroup;
			children = (
				840B7F4114EE9F0B00BA1E2B /* BoardExtractor.h */,
				840B7F4214EE9F0B00BA1E2B /* BoardExtractor.mm */,
			);
			name = Grid;
			sourceTree = "<group>";
		};
		8431267514A3985300104BD2 /* cvBlob */ = {
			isa = PBXGroup;
			children = (
				8431269914A3C6D300104BD2 /* cvaux.cpp */,
				8431269A14A3C6D300104BD2 /* cvblob.cpp */,
				8431269B14A3C6D300104BD2 /* cvblob.h */,
				8431269C14A3C6D300104BD2 /* cvcolor.cpp */,
				8431269D14A3C6D300104BD2 /* cvcontour.cpp */,
				8431269E14A3C6D300104BD2 /* cvlabel.cpp */,
				8431269F14A3C6D300104BD2 /* cvtrack.cpp */,
			);
			path = cvBlob;
			sourceTree = "<group>";
		};
		843126A814A51A2A00104BD2 /* dependencies */ = {
			isa = PBXGroup;
			children = (
				843126A914A51A2A00104BD2 /* include */,
				843126D514A51A2A00104BD2 /* lib */,
			);
			path = dependencies;
			sourceTree = "<group>";
		};
		843126A914A51A2A00104BD2 /* include */ = {
			isa = PBXGroup;
			children = (
				843126AA14A51A2A00104BD2 /* leptonica */,
				843126C714A51A2A00104BD2 /* tesseract */,
			);
			path = include;
			sourceTree = "<group>";
		};
		843126AA14A51A2A00104BD2 /* leptonica */ = {
			isa = PBXGroup;
			children = (
				843126AB14A51A2A00104BD2 /* allheaders.h */,
				843126AC14A51A2A00104BD2 /* alltypes.h */,
				843126AD14A51A2A00104BD2 /* array.h */,
				843126AE14A51A2A00104BD2 /* arrayaccess.h */,
				843126AF14A51A2A00104BD2 /* bbuffer.h */,
				843126B014A51A2A00104BD2 /* bmf.h */,
				843126B114A51A2A00104BD2 /* bmp.h */,
				843126B214A51A2A00104BD2 /* ccbord.h */,
				843126B314A51A2A00104BD2 /* dewarp.h */,
				843126B414A51A2A00104BD2 /* endianness.h */,
				843126B514A51A2A00104BD2 /* environ.h */,
				843126B614A51A2A00104BD2 /* freetype.h */,
				843126B714A51A2A00104BD2 /* gplot.h */,
				843126B814A51A2A00104BD2 /* heap.h */,
				843126B914A51A2A00104BD2 /* imageio.h */,
				843126BA14A51A2A00104BD2 /* jbclass.h */,
				843126BB14A51A2A00104BD2 /* leptprotos.h */,
				843126BC14A51A2A00104BD2 /* leptwin.h */,
				843126BD14A51A2A00104BD2 /* list.h */,
				843126BE14A51A2A00104BD2 /* morph.h */,
				843126BF14A51A2A00104BD2 /* pix.h */,
				843126C014A51A2A00104BD2 /* ptra.h */,
				843126C114A51A2A00104BD2 /* queue.h */,
				843126C214A51A2A00104BD2 /* readbarcode.h */,
				843126C314A51A2A00104BD2 /* regutils.h */,
				843126C414A51A2A00104BD2 /* stack.h */,
				843126C514A51A2A00104BD2 /* sudoku.h */,
				843126C614A51A2A00104BD2 /* watershed.h */,
			);
			path = leptonica;
			sourceTree = "<group>";
		};
		843126C714A51A2A00104BD2 /* tesseract */ = {
			isa = PBXGroup;
			children = (
				843126C814A51A2A00104BD2 /* apitypes.h */,
				843126C914A51A2A00104BD2 /* baseapi.h */,
				843126CA14A51A2A00104BD2 /* errcode.h */,
				843126CB14A51A2A00104BD2 /* genericvector.h */,
				843126CC14A51A2A00104BD2 /* helpers.h */,
				843126CD14A51A2A00104BD2 /* host.h */,
				843126CE14A51A2A00104BD2 /* ndminx.h */,
				843126CF14A51A2A00104BD2 /* ocrclass.h */,
				843126D014A51A2A00104BD2 /* platform.h */,
				843126D114A51A2A00104BD2 /* publictypes.h */,
				843126D214A51A2A00104BD2 /* tesscallback.h */,
				843126D314A51A2A00104BD2 /* thresholder.h */,
				843126D414A51A2A00104BD2 /* unichar.h */,
			);
			path = tesseract;
			sourceTree = "<group>";
		};
		843126D514A51A2A00104BD2 /* lib */ = {
			isa = PBXGroup;
			children = (
				843126D614A51A2A00104BD2 /* liblept.a */,
				843126D714A51A2A00104BD2 /* libtesseract_all.a */,
			);
			path = lib;
			sourceTree = "<group>";
		};
		8434A2E514ED2AC000D1A836 /* Hitori */ = {
			isa = PBXGroup;
			children = (
				847CAA641506B19B002A9D24 /* HitoriCell.h */,
				847CAA651506B19B002A9D24 /* HitoriCell.m */,
				847CAA681506B1C9002A9D24 /* HitoriGrid.h */,
				847CAA691506B1C9002A9D24 /* HitoriGrid.m */,
				847CAA6B15091236002A9D24 /* HitoriRules.h */,
				847CAA6C15091237002A9D24 /* HitoriRules.m */,
				84CB19ED150A6FF600D762DB /* NSMutableArray+QueueAdditions.h */,
				84CB19EE150A6FF600D762DB /* NSMutableArray+QueueAdditions.m */,
				84CB1A08150A8A7800D762DB /* HitoriPoint.h */,
				84CB1A09150A8A7800D762DB /* HitoriPoint.m */,
			);
			name = Hitori;
			sourceTree = "<group>";
		};
		84478A8214ED5A800065E665 /* UI */ = {
			isa = PBXGroup;
			children = (
				8434A2F514ED553100D1A836 /* MainStoryboard.storyboard */,
				8423EFE614EDB88200B389BE /* PreviewViewController.h */,
				8423EFE714EDB88200B389BE /* PreviewViewController.mm */,
				840B7F4414F028C400BA1E2B /* PuzzleViewController.h */,
				840B7F4514F028C400BA1E2B /* PuzzleViewController.m */,
				84CB1A1B150C1EA800D762DB /* HelpViewController.h */,
				84CB1A1C150C1EA800D762DB /* HelpViewController.m */,
				84CB1A0F150C114A00D762DB /* Icons */,
			);
			name = UI;
			sourceTree = "<group>";
		};
		847CAA3814FA8D23002A9D24 /* GridView */ = {
			isa = PBXGroup;
			children = (
				847CAA3A14FA8D5E002A9D24 /* AQGridView.h */,
				847CAA3B14FA8D5E002A9D24 /* AQGridView.m */,
				847CAA3C14FA8D5E002A9D24 /* AQGridView+CellLayout.h */,
				847CAA3D14FA8D5E002A9D24 /* AQGridView+CellLocationDelegation.h */,
				847CAA3E14FA8D5E002A9D24 /* AQGridViewCell.h */,
				847CAA3F14FA8D5E002A9D24 /* AQGridViewCell.m */,
				847CAA4014FA8D5E002A9D24 /* AQGridViewCell+AQGridViewCellPrivate.h */,
				847CAA4114FA8D5E002A9D24 /* AQGridViewController.h */,
				847CAA4214FA8D5E002A9D24 /* AQGridViewController.m */,
				847CAA4314FA8D5E002A9D24 /* AQGridViewData.h */,
				847CAA4414FA8D5E002A9D24 /* AQGridViewData.m */,
				847CAA4514FA8D5E002A9D24 /* AQGridViewUpdateInfo.h */,
				847CAA4614FA8D5E002A9D24 /* AQGridViewUpdateInfo.m */,
				847CAA4714FA8D5E002A9D24 /* AQGridViewUpdateItem.h */,
				847CAA4814FA8D5E002A9D24 /* AQGridViewUpdateItem.m */,
				847CAA4914FA8D5E002A9D24 /* AQGridViewAnimatorItem.h */,
				847CAA4A14FA8D5E002A9D24 /* AQGridViewAnimatorItem.m */,
				847CAA4B14FA8D5E002A9D24 /* NSIndexSet+AQIsSetContiguous.h */,
				847CAA4C14FA8D5E002A9D24 /* NSIndexSet+AQIsSetContiguous.m */,
				847CAA4D14FA8D5E002A9D24 /* NSIndexSet+AQIndexesOutsideSet.h */,
				847CAA4E14FA8D5E002A9D24 /* NSIndexSet+AQIndexesOutsideSet.m */,
				847CAA4F14FA8D5E002A9D24 /* UIColor+AQGridView.h */,
				847CAA5014FA8D5E002A9D24 /* UIColor+AQGridView.m */,
			);
			name = GridView;
			sourceTree = "<group>";
		};
		848B718115389C7F007E1036 /* Graphics */ = {
			isa = PBXGroup;
			children = (
				848B718215389CA1007E1036 /* ButtomLeft.png */,
				848B718315389CA1007E1036 /* ButtomRight.png */,
				848B718415389CA1007E1036 /* TopLeft.png */,
				848B718515389CA1007E1036 /* TopRight.png */,
			);
			name = Graphics;
			sourceTree = "<group>";
		};
		84CB1A0B150BB51A00D762DB /* MBProgressHUD */ = {
			isa = PBXGroup;
			children = (
				84CB1A0C150BB54900D762DB /* MBProgressHUD.h */,
				84CB1A0D150BB54900D762DB /* MBProgressHUD.m */,
			);
			name = MBProgressHUD;
			sourceTree = "<group>";
		};
		84CB1A0F150C114A00D762DB /* Icons */ = {
			isa = PBXGroup;
			children = (
			);
			name = Icons;
			sourceTree = "<group>";
		};
/* End PBXGroup section */

/* Begin PBXNativeTarget section */
		0013FA1F14111D0E004DC957 /* HitoriGrab */ = {
			isa = PBXNativeTarget;
			buildConfigurationList = 0013FA4114111D0F004DC957 /* Build configuration list for PBXNativeTarget "HitoriGrab" */;
			buildPhases = (
				0013FA1C14111D0E004DC957 /* Sources */,
				0013FA1D14111D0E004DC957 /* Frameworks */,
				0013FA1E14111D0E004DC957 /* Resources */,
			);
			buildRules = (
			);
			dependencies = (
			);
			name = HitoriGrab;
			productName = OpenCVClient;
			productReference = 0013FA2014111D0E004DC957 /* HitoriGrab.app */;
			productType = "com.apple.product-type.application";
		};
/* End PBXNativeTarget section */

/* Begin PBXProject section */
		0013FA1714111D0E004DC957 /* Project object */ = {
			isa = PBXProject;
			attributes = {
				LastUpgradeCheck = 0430;
				ORGANIZATIONNAME = "Aptogo Limited";
			};
			buildConfigurationList = 0013FA1A14111D0E004DC957 /* Build configuration list for PBXProject "HitoriGrab" */;
			compatibilityVersion = "Xcode 3.2";
			developmentRegion = English;
			hasScannedForEncodings = 0;
			knownRegions = (
				en,
			);
			mainGroup = 0013FA1514111D0E004DC957;
			productRefGroup = 0013FA2114111D0E004DC957 /* Products */;
			projectDirPath = "";
			projectRoot = "";
			targets = (
				0013FA1F14111D0E004DC957 /* HitoriGrab */,
			);
		};
/* End PBXProject section */

/* Begin PBXResourcesBuildPhase section */
		0013FA1E14111D0E004DC957 /* Resources */ = {
			isa = PBXResourcesBuildPhase;
			buildActionMask = 2147483647;
			files = (
				0013FA2F14111D0F004DC957 /* InfoPlist.strings in Resources */,
				0013FA3814111D0F004DC957 /* MainWindow.xib in Resources */,
				0013FA3E14111D0F004DC957 /* OpenCVClientViewController.xib in Resources */,
				843126E614A52A7B00104BD2 /* tessdata in Resources */,
				8434A2F614ED553200D1A836 /* MainStoryboard.storyboard in Resources */,
				84CB1A11150C12C700D762DB /* iPhoneIcon_Medium.png in Resources */,
				84CB1A13150C148E00D762DB /* logo.png in Resources */,
				84CB1A15150C168E00D762DB /* newLogo.png in Resources */,
				84CB1A17150C16C300D762DB /* newSmall.png in Resources */,
				8453C10515128D1C005D3AF9 /* plusSign.png in Resources */,
				8453C10815129043005D3AF9 /* mask.png in Resources */,
				848B718615389CA1007E1036 /* ButtomLeft.png in Resources */,
				848B718715389CA1007E1036 /* ButtomRight.png in Resources */,
				848B718815389CA1007E1036 /* TopLeft.png in Resources */,
				848B718915389CA1007E1036 /* TopRight.png in Resources */,
			);
			runOnlyForDeploymentPostprocessing = 0;
		};
/* End PBXResourcesBuildPhase section */

/* Begin PBXSourcesBuildPhase section */
		0013FA1C14111D0E004DC957 /* Sources */ = {
			isa = PBXSourcesBuildPhase;
			buildActionMask = 2147483647;
			files = (
				0013FA3114111D0F004DC957 /* main.m in Sources */,
				0013FA3514111D0F004DC957 /* OpenCVClientAppDelegate.mm in Sources */,
				0013FA3B14111D0F004DC957 /* OpenCVClientViewController.mm in Sources */,
				0013FA4814111D6A004DC957 /* UIImage+OpenCV.mm in Sources */,
				844212191455795600C13FC1 /* digitrecognizer.cpp in Sources */,
				843126A014A3C6D300104BD2 /* cvaux.cpp in Sources */,
				843126A114A3C6D300104BD2 /* cvblob.cpp in Sources */,
				843126A214A3C6D300104BD2 /* cvcolor.cpp in Sources */,
				843126A314A3C6D300104BD2 /* cvcontour.cpp in Sources */,
				843126A414A3C6D300104BD2 /* cvlabel.cpp in Sources */,
				843126A514A3C6D300104BD2 /* cvtrack.cpp in Sources */,
				84478A7E14ED59070065E665 /* MainViewDelegate.m in Sources */,
				8423EFE814EDB88300B389BE /* PreviewViewController.mm in Sources */,
				840B7F4314EE9F0B00BA1E2B /* BoardExtractor.mm in Sources */,
				840B7F4614F028C400BA1E2B /* PuzzleViewController.m in Sources */,
				840B7F4E14F2B0EB00BA1E2B /* DataAppDataObject.m in Sources */,
				840B7F5114F2B16000BA1E2B /* AppDataObject.m in Sources */,
				847CAA5114FA8D5E002A9D24 /* AQGridView.m in Sources */,
				847CAA5214FA8D5E002A9D24 /* AQGridViewCell.m in Sources */,
				847CAA5314FA8D5E002A9D24 /* AQGridViewController.m in Sources */,
				847CAA5414FA8D5E002A9D24 /* AQGridViewData.m in Sources */,
				847CAA5514FA8D5E002A9D24 /* AQGridViewUpdateInfo.m in Sources */,
				847CAA5614FA8D5E002A9D24 /* AQGridViewUpdateItem.m in Sources */,
				847CAA5714FA8D5E002A9D24 /* AQGridViewAnimatorItem.m in Sources */,
				847CAA5814FA8D5E002A9D24 /* NSIndexSet+AQIsSetContiguous.m in Sources */,
				847CAA5914FA8D5E002A9D24 /* NSIndexSet+AQIndexesOutsideSet.m in Sources */,
				847CAA5A14FA8D5E002A9D24 /* UIColor+AQGridView.m in Sources */,
				847CAA661506B19B002A9D24 /* HitoriCell.m in Sources */,
				847CAA6A1506B1C9002A9D24 /* HitoriGrid.m in Sources */,
				847CAA6D15091237002A9D24 /* HitoriRules.m in Sources */,
				84CB19EF150A6FF600D762DB /* NSMutableArray+QueueAdditions.m in Sources */,
				84CB1A0A150A8A7800D762DB /* HitoriPoint.m in Sources */,
				84CB1A0E150BB54900D762DB /* MBProgressHUD.m in Sources */,
				84CB1A1D150C1EA800D762DB /* HelpViewController.m in Sources */,
			);
			runOnlyForDeploymentPostprocessing = 0;
		};
/* End PBXSourcesBuildPhase section */

/* Begin PBXVariantGroup section */
		0013FA2D14111D0F004DC957 /* InfoPlist.strings */ = {
			isa = PBXVariantGroup;
			children = (
				0013FA2E14111D0F004DC957 /* en */,
			);
			name = InfoPlist.strings;
			sourceTree = "<group>";
		};
		0013FA3614111D0F004DC957 /* MainWindow.xib */ = {
			isa = PBXVariantGroup;
			children = (
				0013FA3714111D0F004DC957 /* en */,
			);
			name = MainWindow.xib;
			sourceTree = "<group>";
		};
		0013FA3C14111D0F004DC957 /* OpenCVClientViewController.xib */ = {
			isa = PBXVariantGroup;
			children = (
				0013FA3D14111D0F004DC957 /* en */,
			);
			name = OpenCVClientViewController.xib;
			sourceTree = "<group>";
		};
/* End PBXVariantGroup section */

/* Begin XCBuildConfiguration section */
		0013FA3F14111D0F004DC957 /* Debug */ = {
			isa = XCBuildConfiguration;
			buildSettings = {
				ALWAYS_SEARCH_USER_PATHS = NO;
				ARCHS = "$(ARCHS_STANDARD_32_BIT)";
				CODE_SIGN_IDENTITY = "iPhone Developer: Mujtaba Alboori (P77YB3DQ54)";
				"CODE_SIGN_IDENTITY[sdk=iphoneos*]" = "iPhone Developer: Mujtaba Alboori (P77YB3DQ54)";
				COPY_PHASE_STRIP = NO;
				GCC_C_LANGUAGE_STANDARD = gnu99;
				GCC_DYNAMIC_NO_PIC = NO;
				GCC_OPTIMIZATION_LEVEL = 0;
				GCC_PREPROCESSOR_DEFINITIONS = (
					"DEBUG=1",
					"$(inherited)",
				);
				GCC_SYMBOLS_PRIVATE_EXTERN = NO;
				GCC_VERSION = "";
				GCC_WARN_ABOUT_MISSING_PROTOTYPES = YES;
				GCC_WARN_ABOUT_RETURN_TYPE = YES;
				GCC_WARN_UNUSED_VARIABLE = YES;
				IPHONEOS_DEPLOYMENT_TARGET = 5.0;
				ONLY_ACTIVE_ARCH = NO;
				PROVISIONING_PROFILE = "BE01165A-97DC-4D80-8AD7-E494371413B2";
				"PROVISIONING_PROFILE[sdk=iphoneos*]" = "BE01165A-97DC-4D80-8AD7-E494371413B2";
				SDKROOT = iphoneos;
				SKIP_INSTALL = YES;
			};
			name = Debug;
		};
		0013FA4014111D0F004DC957 /* Release */ = {
			isa = XCBuildConfiguration;
			buildSettings = {
				ALWAYS_SEARCH_USER_PATHS = NO;
				ARCHS = "$(ARCHS_STANDARD_32_BIT)";
				CODE_SIGN_IDENTITY = "iPhone Developer: Mujtaba Alboori (P77YB3DQ54)";
				"CODE_SIGN_IDENTITY[sdk=iphoneos*]" = "iPhone Developer: Mujtaba Alboori (P77YB3DQ54)";
				COPY_PHASE_STRIP = YES;
				GCC_C_LANGUAGE_STANDARD = gnu99;
				GCC_VERSION = "";
				GCC_WARN_ABOUT_MISSING_PROTOTYPES = YES;
				GCC_WARN_ABOUT_RETURN_TYPE = YES;
				GCC_WARN_UNUSED_VARIABLE = YES;
				IPHONEOS_DEPLOYMENT_TARGET = 5.0;
				ONLY_ACTIVE_ARCH = NO;
				OTHER_CFLAGS = "-DNS_BLOCK_ASSERTIONS=1";
				PROVISIONING_PROFILE = "BE01165A-97DC-4D80-8AD7-E494371413B2";
				"PROVISIONING_PROFILE[sdk=iphoneos*]" = "BE01165A-97DC-4D80-8AD7-E494371413B2";
				SDKROOT = iphoneos;
				SKIP_INSTALL = YES;
				VALIDATE_PRODUCT = NO;
			};
			name = Release;
		};
		0013FA4214111D0F004DC957 /* Debug */ = {
			isa = XCBuildConfiguration;
			buildSettings = {
				CODE_SIGN_IDENTITY = "iPhone Developer: Mujtaba Alboori (P77YB3DQ54)";
				"CODE_SIGN_IDENTITY[sdk=iphoneos*]" = "iPhone Developer: Mujtaba Alboori (P77YB3DQ54)";
				FRAMEWORK_SEARCH_PATHS = (
					"$(inherited)",
					"\"$(SRCROOT)\"",
				);
				GCC_PRECOMPILE_PREFIX_HEADER = YES;
				GCC_PREFIX_HEADER = "OpenCVClient/HitoriGrab-Prefix.pch";
				GCC_PREPROCESSOR_DEFINITIONS = DEBUG;
				GCC_PREPROCESSOR_DEFINITIONS_NOT_USED_IN_PRECOMPS = "";
				"GCC_THUMB_SUPPORT[arch=armv6]" = NO;
				GCC_VERSION = com.apple.compilers.llvm.clang.1_0;
				INFOPLIST_FILE = "OpenCVClient/HitoriGrab-Info.plist";
				IPHONEOS_DEPLOYMENT_TARGET = 5.0;
				LIBRARY_SEARCH_PATHS = (
					"$(inherited)",
					"\"$(SRCROOT)/dependencies/lib\"",
				);
				ONLY_ACTIVE_ARCH = NO;
				PRODUCT_NAME = HitoriGrab;
				PROVISIONING_PROFILE = "BE01165A-97DC-4D80-8AD7-E494371413B2";
				"PROVISIONING_PROFILE[sdk=iphoneos*]" = "BE01165A-97DC-4D80-8AD7-E494371413B2";
				SDKROOT = iphoneos;
				SKIP_INSTALL = NO;
				VALIDATE_PRODUCT = NO;
				WRAPPER_EXTENSION = app;
			};
			name = Debug;
		};
		0013FA4314111D0F004DC957 /* Release */ = {
			isa = XCBuildConfiguration;
			buildSettings = {
				CODE_SIGN_IDENTITY = "iPhone Developer: Mujtaba Alboori (P77YB3DQ54)";
				FRAMEWORK_SEARCH_PATHS = (
					"$(inherited)",
					"\"$(SRCROOT)\"",
				);
				GCC_PRECOMPILE_PREFIX_HEADER = YES;
				GCC_PREFIX_HEADER = "OpenCVClient/HitoriGrab-Prefix.pch";
				GCC_PREPROCESSOR_DEFINITIONS = DEBUG;
				GCC_PREPROCESSOR_DEFINITIONS_NOT_USED_IN_PRECOMPS = "";
				"GCC_THUMB_SUPPORT[arch=armv6]" = NO;
				GCC_VERSION = com.apple.compilers.llvm.clang.1_0;
				INFOPLIST_FILE = "OpenCVClient/HitoriGrab-Info.plist";
				IPHONEOS_DEPLOYMENT_TARGET = 5.0;
				LIBRARY_SEARCH_PATHS = (
					"$(inherited)",
					"\"$(SRCROOT)/dependencies/lib\"",
				);
				ONLY_ACTIVE_ARCH = NO;
				PRODUCT_NAME = HitoriGrab;
				PROVISIONING_PROFILE = "BE01165A-97DC-4D80-8AD7-E494371413B2";
				SDKROOT = iphoneos;
				SKIP_INSTALL = NO;
				VALIDATE_PRODUCT = YES;
				WRAPPER_EXTENSION = app;
			};
			name = Release;
		};
		8438328E150C3B2600D207E9 /* Distribution */ = {
			isa = XCBuildConfiguration;
			buildSettings = {
				ALWAYS_SEARCH_USER_PATHS = NO;
				ARCHS = "$(ARCHS_STANDARD_32_BIT)";
				CODE_SIGN_IDENTITY = "iPhone Developer: Mujtaba Alboori (P77YB3DQ54)";
				"CODE_SIGN_IDENTITY[sdk=iphoneos*]" = "iPhone Developer: Mujtaba Alboori (P77YB3DQ54)";
				COPY_PHASE_STRIP = YES;
				GCC_C_LANGUAGE_STANDARD = gnu99;
				GCC_VERSION = "";
				GCC_WARN_ABOUT_MISSING_PROTOTYPES = YES;
				GCC_WARN_ABOUT_RETURN_TYPE = YES;
				GCC_WARN_UNUSED_VARIABLE = YES;
				IPHONEOS_DEPLOYMENT_TARGET = 5.0;
				ONLY_ACTIVE_ARCH = NO;
				OTHER_CFLAGS = "-DNS_BLOCK_ASSERTIONS=1";
				PROVISIONING_PROFILE = "BE01165A-97DC-4D80-8AD7-E494371413B2";
				"PROVISIONING_PROFILE[sdk=iphoneos*]" = "BE01165A-97DC-4D80-8AD7-E494371413B2";
				SDKROOT = iphoneos;
				SKIP_INSTALL = YES;
				VALIDATE_PRODUCT = YES;
			};
			name = Distribution;
		};
		8438328F150C3B2600D207E9 /* Distribution */ = {
			isa = XCBuildConfiguration;
			buildSettings = {
				CODE_SIGN_IDENTITY = "iPhone Developer: Mujtaba Alboori (P77YB3DQ54)";
				"CODE_SIGN_IDENTITY[sdk=iphoneos*]" = "iPhone Developer: Mujtaba Alboori (P77YB3DQ54)";
				FRAMEWORK_SEARCH_PATHS = (
					"$(inherited)",
					"\"$(SRCROOT)\"",
				);
				GCC_PRECOMPILE_PREFIX_HEADER = YES;
				GCC_PREFIX_HEADER = "OpenCVClient/HitoriGrab-Prefix.pch";
				GCC_PREPROCESSOR_DEFINITIONS = DEBUG;
				GCC_PREPROCESSOR_DEFINITIONS_NOT_USED_IN_PRECOMPS = "";
				"GCC_THUMB_SUPPORT[arch=armv6]" = NO;
				GCC_VERSION = com.apple.compilers.llvm.clang.1_0;
				INFOPLIST_FILE = "OpenCVClient/HitoriGrab-Info.plist";
				IPHONEOS_DEPLOYMENT_TARGET = 5.0;
				LIBRARY_SEARCH_PATHS = (
					"$(inherited)",
					"\"$(SRCROOT)/dependencies/lib\"",
				);
				ONLY_ACTIVE_ARCH = NO;
				PRODUCT_NAME = HitoriGrab;
				PROVISIONING_PROFILE = "BE01165A-97DC-4D80-8AD7-E494371413B2";
				"PROVISIONING_PROFILE[sdk=iphoneos*]" = "BE01165A-97DC-4D80-8AD7-E494371413B2";
				SDKROOT = iphoneos;
				SKIP_INSTALL = NO;
				WRAPPER_EXTENSION = app;
			};
			name = Distribution;
		};
/* End XCBuildConfiguration section */

/* Begin XCConfigurationList section */
		0013FA1A14111D0E004DC957 /* Build configuration list for PBXProject "HitoriGrab" */ = {
			isa = XCConfigurationList;
			buildConfigurations = (
				0013FA3F14111D0F004DC957 /* Debug */,
				0013FA4014111D0F004DC957 /* Release */,
				8438328E150C3B2600D207E9 /* Distribution */,
			);
			defaultConfigurationIsVisible = 0;
			defaultConfigurationName = Debug;
		};
		0013FA4114111D0F004DC957 /* Build configuration list for PBXNativeTarget "HitoriGrab" */ = {
			isa = XCConfigurationList;
			buildConfigurations = (
				0013FA4214111D0F004DC957 /* Debug */,
				0013FA4314111D0F004DC957 /* Release */,
				8438328F150C3B2600D207E9 /* Distribution */,
			);
			defaultConfigurationIsVisible = 0;
			defaultConfigurationName = Debug;
		};
/* End XCConfigurationList section */
	};
	rootObject = 0013FA1714111D0E004DC957 /* Project object */;
}
